// !$*UTF8*$!
{
	archiveVersion = 1;
	classes = {
	};
	objectVersion = 51;
	objects = {

/* Begin PBXBuildFile section */
		7E0269F92670F16400086EBB /* AppDelegate.swift in Sources */ = {isa = PBXBuildFile; fileRef = 7E0269F82670F16400086EBB /* AppDelegate.swift */; };
		7E94B0A6267CAA84007D780F /* AppConfig.swift in Sources */ = {isa = PBXBuildFile; fileRef = 7E94B0A5267CAA84007D780F /* AppConfig.swift */; };
		7E94B0A9267CAA9E007D780F /* AppState.swift in Sources */ = {isa = PBXBuildFile; fileRef = 7E94B0A7267CAA9E007D780F /* AppState.swift */; };
		7E94B0AA267CAA9E007D780F /* AppStateProvider.swift in Sources */ = {isa = PBXBuildFile; fileRef = 7E94B0A8267CAA9E007D780F /* AppStateProvider.swift */; };
		7E94B134267CBBDE007D780F /* Localizable.strings in Resources */ = {isa = PBXBuildFile; fileRef = 7E94B136267CBBDE007D780F /* Localizable.strings */; };
		7E94B137267CBC3A007D780F /* LoginManager.swift in Sources */ = {isa = PBXBuildFile; fileRef = 7E94B121267CB708007D780F /* LoginManager.swift */; };
		7E94B138267CBC51007D780F /* AppCoordinator.swift in Sources */ = {isa = PBXBuildFile; fileRef = 7E94B0BC267CAC65007D780F /* AppCoordinator.swift */; };
		7E94B139267CBC54007D780F /* AppCoordinatorBuilder.swift in Sources */ = {isa = PBXBuildFile; fileRef = 7E94B0BD267CAC65007D780F /* AppCoordinatorBuilder.swift */; };
		7E94B13A267CBC56007D780F /* AuthenticationCoordinator.swift in Sources */ = {isa = PBXBuildFile; fileRef = 7E94B0BA267CAC65007D780F /* AuthenticationCoordinator.swift */; };
		7E94B13B267CBC59007D780F /* MainContainerCoordinator.swift in Sources */ = {isa = PBXBuildFile; fileRef = 7E94B0BB267CAC65007D780F /* MainContainerCoordinator.swift */; };
		7E94B13C267CBC5B007D780F /* MainContentCoordinator.swift in Sources */ = {isa = PBXBuildFile; fileRef = 7E94B0BE267CAC65007D780F /* MainContentCoordinator.swift */; };
		7E94B13D267CBC63007D780F /* UserInputValidatorFactory.swift in Sources */ = {isa = PBXBuildFile; fileRef = 7E94B0C5267CAD7B007D780F /* UserInputValidatorFactory.swift */; };
		7E94B13E267CBC67007D780F /* FormValidator.swift in Sources */ = {isa = PBXBuildFile; fileRef = 7E94B0C6267CAD80007D780F /* FormValidator.swift */; };
		7E94B13F267CBC6B007D780F /* BaseStringValidator.swift in Sources */ = {isa = PBXBuildFile; fileRef = 7E94B0C9267CAD86007D780F /* BaseStringValidator.swift */; };
		7E94B140267CBC6D007D780F /* DefaultStringValidator.swift in Sources */ = {isa = PBXBuildFile; fileRef = 7E94B0C7267CAD86007D780F /* DefaultStringValidator.swift */; };
		7E94B141267CBC70007D780F /* PasswordValidator.swift in Sources */ = {isa = PBXBuildFile; fileRef = 7E94B0C8267CAD86007D780F /* PasswordValidator.swift */; };
		7E94B142267CBC73007D780F /* PhoneNumberValidator.swift in Sources */ = {isa = PBXBuildFile; fileRef = 7E94B0CA267CAD86007D780F /* PhoneNumberValidator.swift */; };
		7E94B143267CBC95007D780F /* CharacterAsyncUtility.swift in Sources */ = {isa = PBXBuildFile; fileRef = 7E94B0B3267CAC49007D780F /* CharacterAsyncUtility.swift */; };
		7E94B144267CBC97007D780F /* UserProfileAsyncUtility.swift in Sources */ = {isa = PBXBuildFile; fileRef = 7E94B0B4267CAC49007D780F /* UserProfileAsyncUtility.swift */; };
		7E94B145267CBC9A007D780F /* XsollaSDKProtocol.swift in Sources */ = {isa = PBXBuildFile; fileRef = 7E94B0B1267CABE0007D780F /* XsollaSDKProtocol.swift */; };
		7E94B146267CBC9C007D780F /* XsollaSDK.swift in Sources */ = {isa = PBXBuildFile; fileRef = 7E94B0B0267CABE0007D780F /* XsollaSDK.swift */; };
		7E94B147267CBCA0007D780F /* BaseCoordinator.swift in Sources */ = {isa = PBXBuildFile; fileRef = 7E94B0B6267CAC5A007D780F /* BaseCoordinator.swift */; };
		7E94B148267CBCA5007D780F /* Coordinator.swift in Sources */ = {isa = PBXBuildFile; fileRef = 7E94B0B9267CAC5A007D780F /* Coordinator.swift */; };
		7E94B149267CBCA7007D780F /* EmptyParams.swift in Sources */ = {isa = PBXBuildFile; fileRef = 7E94B0B7267CAC5A007D780F /* EmptyParams.swift */; };
		7E94B14A267CBCAA007D780F /* NavigationController.swift in Sources */ = {isa = PBXBuildFile; fileRef = 7E94B0B5267CAC59007D780F /* NavigationController.swift */; };
		7E94B14B267CBCAC007D780F /* Presenter.swift in Sources */ = {isa = PBXBuildFile; fileRef = 7E94B0B8267CAC5A007D780F /* Presenter.swift */; };
		7E94B14C267CBCB4007D780F /* LoggerKitDefaultFilter.swift in Sources */ = {isa = PBXBuildFile; fileRef = 7E94B0C1267CAD58007D780F /* LoggerKitDefaultFilter.swift */; };
		7E94B14D267CBCB6007D780F /* LoggerKitFilter.swift in Sources */ = {isa = PBXBuildFile; fileRef = 7E94B0BF267CAD58007D780F /* LoggerKitFilter.swift */; };
		7E94B14F267CBCBA007D780F /* CategoryExtensions.swift in Sources */ = {isa = PBXBuildFile; fileRef = 7E94B0C3267CAD5E007D780F /* CategoryExtensions.swift */; };
		7E94B150267CBCBC007D780F /* DomainExtensions.swift in Sources */ = {isa = PBXBuildFile; fileRef = 7E94B0C2267CAD5E007D780F /* DomainExtensions.swift */; };
		7E94B151267CBCBF007D780F /* LevelExtensions.swift in Sources */ = {isa = PBXBuildFile; fileRef = 7E94B0C4267CAD5E007D780F /* LevelExtensions.swift */; };
		7E94B152267CBCD1007D780F /* UserProfile.swift in Sources */ = {isa = PBXBuildFile; fileRef = 7E94B12A267CB745007D780F /* UserProfile.swift */; };
		7E94B153267CBCD3007D780F /* UserProfileMandatoryDetails.swift in Sources */ = {isa = PBXBuildFile; fileRef = 7E94B129267CB745007D780F /* UserProfileMandatoryDetails.swift */; };
		7E94B154267CBCD6007D780F /* CustomUserAttributesListDataSource.swift in Sources */ = {isa = PBXBuildFile; fileRef = 7E94B123267CB729007D780F /* CustomUserAttributesListDataSource.swift */; };
		7E94B155267CBCD8007D780F /* ReadonlyUserAttributesListDataSource.swift in Sources */ = {isa = PBXBuildFile; fileRef = 7E94B124267CB72A007D780F /* ReadonlyUserAttributesListDataSource.swift */; };
		7E94B156267CBCDA007D780F /* UnifiedUserAttribute.swift in Sources */ = {isa = PBXBuildFile; fileRef = 7E94B125267CB72A007D780F /* UnifiedUserAttribute.swift */; };
		7E94B157267CBCDC007D780F /* UserAttributesListDataSource.swift in Sources */ = {isa = PBXBuildFile; fileRef = 7E94B126267CB72A007D780F /* UserAttributesListDataSource.swift */; };
		7E94B158267CBCDE007D780F /* UserCharacter.swift in Sources */ = {isa = PBXBuildFile; fileRef = 7E94B127267CB72A007D780F /* UserCharacter.swift */; };
		7E94B159267CBCE1007D780F /* LoginFormData.swift in Sources */ = {isa = PBXBuildFile; fileRef = 7E94B11D267CB708007D780F /* LoginFormData.swift */; };
		7E94B15A267CBCE4007D780F /* RecoverPasswordFormData.swift in Sources */ = {isa = PBXBuildFile; fileRef = 7E94B120267CB708007D780F /* RecoverPasswordFormData.swift */; };
		7E94B15B267CBCE6007D780F /* SignupFormData.swift in Sources */ = {isa = PBXBuildFile; fileRef = 7E94B11E267CB708007D780F /* SignupFormData.swift */; };
		7E94B15C267CBCE8007D780F /* SocialNetwork.swift in Sources */ = {isa = PBXBuildFile; fileRef = 7E94B11F267CB708007D780F /* SocialNetwork.swift */; };
		7E94B163267CBD28007D780F /* avatar_0.png in Resources */ = {isa = PBXBuildFile; fileRef = 7E94B162267CBD05007D780F /* avatar_0.png */; };
		7E94B164267CBD2B007D780F /* avatar_1.png in Resources */ = {isa = PBXBuildFile; fileRef = 7E94B15F267CBD05007D780F /* avatar_1.png */; };
		7E94B165267CBD2D007D780F /* avatar_2.png in Resources */ = {isa = PBXBuildFile; fileRef = 7E94B15E267CBD05007D780F /* avatar_2.png */; };
		7E94B166267CBD2F007D780F /* avatar_3.png in Resources */ = {isa = PBXBuildFile; fileRef = 7E94B160267CBD05007D780F /* avatar_3.png */; };
		7E94B167267CBD31007D780F /* avatar_4.png in Resources */ = {isa = PBXBuildFile; fileRef = 7E94B15D267CBD05007D780F /* avatar_4.png */; };
		7E94B168267CBD33007D780F /* avatar_5.png in Resources */ = {isa = PBXBuildFile; fileRef = 7E94B161267CBD05007D780F /* avatar_5.png */; };
		7E94B169267CBD39007D780F /* Authentication.storyboard in Resources */ = {isa = PBXBuildFile; fileRef = 7E94B0E0267CAE0C007D780F /* Authentication.storyboard */; };
		7E94B16A267CBD3B007D780F /* Character.storyboard in Resources */ = {isa = PBXBuildFile; fileRef = 7E94B0DD267CAE0C007D780F /* Character.storyboard */; };
		7E94B16B267CBD3E007D780F /* LaunchScreen.storyboard in Resources */ = {isa = PBXBuildFile; fileRef = 7E94B0E1267CAE0C007D780F /* LaunchScreen.storyboard */; };
		7E94B16C267CBD40007D780F /* Main.storyboard in Resources */ = {isa = PBXBuildFile; fileRef = 7E94B0DF267CAE0C007D780F /* Main.storyboard */; };
		7E94B16D267CBD42007D780F /* SideMenu.storyboard in Resources */ = {isa = PBXBuildFile; fileRef = 7E94B0DE267CAE0C007D780F /* SideMenu.storyboard */; };
		7E94B16E267CBD44007D780F /* UserProfile.storyboard in Resources */ = {isa = PBXBuildFile; fileRef = 7E94B0E2267CAE0C007D780F /* UserProfile.storyboard */; };
		7E94B16F267CBD4E007D780F /* MainVC.swift in Sources */ = {isa = PBXBuildFile; fileRef = 7E94B110267CB68A007D780F /* MainVC.swift */; };
		7E94B170267CBD51007D780F /* AttributeEditorVC.swift in Sources */ = {isa = PBXBuildFile; fileRef = 7E94B116267CB6DD007D780F /* AttributeEditorVC.swift */; };
		7E94B171267CBD53007D780F /* CharacterVC.swift in Sources */ = {isa = PBXBuildFile; fileRef = 7E94B11C267CB6DE007D780F /* CharacterVC.swift */; };
		7E94B172267CBD55007D780F /* UserAttributeListAddAttributeCell.swift in Sources */ = {isa = PBXBuildFile; fileRef = 7E94B11A267CB6DE007D780F /* UserAttributeListAddAttributeCell.swift */; };
		7E94B173267CBD58007D780F /* UserAttributeListAddAttributeCell.xib in Resources */ = {isa = PBXBuildFile; fileRef = 7E94B115267CB6DD007D780F /* UserAttributeListAddAttributeCell.xib */; };
		7E94B174267CBD5B007D780F /* UserAttributeListInfoCell.swift in Sources */ = {isa = PBXBuildFile; fileRef = 7E94B119267CB6DE007D780F /* UserAttributeListInfoCell.swift */; };
		7E94B175267CBD5E007D780F /* UserAttributeListInfoCell.xib in Resources */ = {isa = PBXBuildFile; fileRef = 7E94B117267CB6DD007D780F /* UserAttributeListInfoCell.xib */; };
		7E94B176267CBD60007D780F /* UserAttributeListItemCell.swift in Sources */ = {isa = PBXBuildFile; fileRef = 7E94B118267CB6DE007D780F /* UserAttributeListItemCell.swift */; };
		7E94B177267CBD62007D780F /* UserAttributeListItemCell.xib in Resources */ = {isa = PBXBuildFile; fileRef = 7E94B11B267CB6DE007D780F /* UserAttributeListItemCell.xib */; };
		7E94B178267CBD66007D780F /* UserProfileAvatarSelectorVC.swift in Sources */ = {isa = PBXBuildFile; fileRef = 7E94B112267CB6C9007D780F /* UserProfileAvatarSelectorVC.swift */; };
		7E94B179267CBD68007D780F /* UserProfileVC.swift in Sources */ = {isa = PBXBuildFile; fileRef = 7E94B113267CB6C9007D780F /* UserProfileVC.swift */; };
		7E94B17A267CBD6E007D780F /* ExpandableMenuItemsSectionView.swift in Sources */ = {isa = PBXBuildFile; fileRef = 7E94B10E267CAFF4007D780F /* ExpandableMenuItemsSectionView.swift */; };
		7E94B17B267CBD70007D780F /* MenuItemView.swift in Sources */ = {isa = PBXBuildFile; fileRef = 7E94B10D267CAFF4007D780F /* MenuItemView.swift */; };
		7E94B17C267CBD72007D780F /* SideMenuContentVC.swift in Sources */ = {isa = PBXBuildFile; fileRef = 7E94B10A267CAFDA007D780F /* SideMenuContentVC.swift */; };
		7E94B17D267CBD74007D780F /* SideMenuVC.swift in Sources */ = {isa = PBXBuildFile; fileRef = 7E94B10B267CAFDA007D780F /* SideMenuVC.swift */; };
		7E94B17E267CBD77007D780F /* AuthenticationMainVC.swift in Sources */ = {isa = PBXBuildFile; fileRef = 7E94B107267CAF8A007D780F /* AuthenticationMainVC.swift */; };
		7E94B17F267CBD79007D780F /* LoginVC.swift in Sources */ = {isa = PBXBuildFile; fileRef = 7E94B108267CAF8A007D780F /* LoginVC.swift */; };
		7E94B180267CBD7B007D780F /* RecoverPasswordVC.swift in Sources */ = {isa = PBXBuildFile; fileRef = 7E94B105267CAF8A007D780F /* RecoverPasswordVC.swift */; };
		7E94B181267CBD7D007D780F /* SignupVC.swift in Sources */ = {isa = PBXBuildFile; fileRef = 7E94B104267CAF8A007D780F /* SignupVC.swift */; };
		7E94B182267CBD7F007D780F /* SocialNetworksListVC.swift in Sources */ = {isa = PBXBuildFile; fileRef = 7E94B106267CAF8A007D780F /* SocialNetworksListVC.swift */; };
		7E94B183267CBD82007D780F /* BottomPopupVC.swift in Sources */ = {isa = PBXBuildFile; fileRef = 7E94B102267CAF6D007D780F /* BottomPopupVC.swift */; };
		7E94B184267CBD84007D780F /* WebBrowserVC.swift in Sources */ = {isa = PBXBuildFile; fileRef = 7E94B101267CAF6D007D780F /* WebBrowserVC.swift */; };
		7E94B185267CBD89007D780F /* ActivityIndicatingViewController.swift in Sources */ = {isa = PBXBuildFile; fileRef = 7E94B0F0267CAF5C007D780F /* ActivityIndicatingViewController.swift */; };
		7E94B186267CBD8B007D780F /* ActivityIndicator.swift in Sources */ = {isa = PBXBuildFile; fileRef = 7E94B0EC267CAF5C007D780F /* ActivityIndicator.swift */; };
		7E94B187267CBD8D007D780F /* AtomicPropertyWrapper.swift in Sources */ = {isa = PBXBuildFile; fileRef = 7E94B0F1267CAF5D007D780F /* AtomicPropertyWrapper.swift */; };
		7E94B188267CBD8F007D780F /* AvatarButtonView.swift in Sources */ = {isa = PBXBuildFile; fileRef = 7E94B0F3267CAF5D007D780F /* AvatarButtonView.swift */; };
		7E94B189267CBD90007D780F /* BaseTableViewController.swift in Sources */ = {isa = PBXBuildFile; fileRef = 7E94B0F2267CAF5D007D780F /* BaseTableViewController.swift */; };
		7E94B18A267CBD92007D780F /* BaseView.swift in Sources */ = {isa = PBXBuildFile; fileRef = 7E94B0F8267CAF5D007D780F /* BaseView.swift */; };
		7E94B18B267CBD95007D780F /* BaseViewController.swift in Sources */ = {isa = PBXBuildFile; fileRef = 7E94B0F7267CAF5D007D780F /* BaseViewController.swift */; };
		7E94B18C267CBD97007D780F /* Box.swift in Sources */ = {isa = PBXBuildFile; fileRef = 7E94B0ED267CAF5C007D780F /* Box.swift */; };
		7E94B18D267CBD99007D780F /* Button.swift in Sources */ = {isa = PBXBuildFile; fileRef = 7E94B0F5267CAF5D007D780F /* Button.swift */; };
		7E94B18E267CBD9B007D780F /* CalendarComponent.swift in Sources */ = {isa = PBXBuildFile; fileRef = 7E94B0FD267CAF5D007D780F /* CalendarComponent.swift */; };
		7E94B18F267CBD9D007D780F /* FloatingTitleTextField.swift in Sources */ = {isa = PBXBuildFile; fileRef = 7E94B0F9267CAF5D007D780F /* FloatingTitleTextField.swift */; };
		7E94B190267CBD9F007D780F /* Image.swift in Sources */ = {isa = PBXBuildFile; fileRef = 7E94B0FF267CAF5E007D780F /* Image.swift */; };
		7E94B191267CBDA1007D780F /* Label.swift in Sources */ = {isa = PBXBuildFile; fileRef = 7E94B0FA267CAF5D007D780F /* Label.swift */; };
		7E94B192267CBDA5007D780F /* LoadState.swift in Sources */ = {isa = PBXBuildFile; fileRef = 7E94B0EE267CAF5C007D780F /* LoadState.swift */; };
		7E94B193267CBDA7007D780F /* RadialGradientView.swift in Sources */ = {isa = PBXBuildFile; fileRef = 7E94B0F4267CAF5D007D780F /* RadialGradientView.swift */; };
		7E94B194267CBDAA007D780F /* TabbarViewController.swift in Sources */ = {isa = PBXBuildFile; fileRef = 7E94B0FB267CAF5D007D780F /* TabbarViewController.swift */; };
		7E94B195267CBDAC007D780F /* TableView.swift in Sources */ = {isa = PBXBuildFile; fileRef = 7E94B0EF267CAF5C007D780F /* TableView.swift */; };
		7E94B196267CBDAE007D780F /* TableViewCell.swift in Sources */ = {isa = PBXBuildFile; fileRef = 7E94B0FE267CAF5E007D780F /* TableViewCell.swift */; };
		7E94B197267CBDB1007D780F /* TapGesture.swift in Sources */ = {isa = PBXBuildFile; fileRef = 7E94B0F6267CAF5D007D780F /* TapGesture.swift */; };
		7E94B198267CBDB3007D780F /* ThreadSafeArray.swift in Sources */ = {isa = PBXBuildFile; fileRef = 7E94B0FC267CAF5D007D780F /* ThreadSafeArray.swift */; };
		7E94B199267CBDB6007D780F /* TextFieldDelegateProxy.swift in Sources */ = {isa = PBXBuildFile; fileRef = 7E94B100267CAF5E007D780F /* TextFieldDelegateProxy.swift */; };
		7E94B19A267CBDBA007D780F /* EmbeddableControllerContainerProtocol.swift in Sources */ = {isa = PBXBuildFile; fileRef = 7E94B0EA267CAF52007D780F /* EmbeddableControllerContainerProtocol.swift */; };
		7E94B19B267CBDBC007D780F /* LoadStatable.swift in Sources */ = {isa = PBXBuildFile; fileRef = 7E94B0EB267CAF52007D780F /* LoadStatable.swift */; };
		7E94B19C267CBDBE007D780F /* PromisesChainCreatable.swift in Sources */ = {isa = PBXBuildFile; fileRef = 7E94B0E9267CAF52007D780F /* PromisesChainCreatable.swift */; };
		7E94B19D267CBDC3007D780F /* NSAttributedString.swift in Sources */ = {isa = PBXBuildFile; fileRef = 7E94B12B267CB764007D780F /* NSAttributedString.swift */; };
		7E94B19E267CBDC5007D780F /* NSMutableAttributedString.swift in Sources */ = {isa = PBXBuildFile; fileRef = 7E94B12C267CB764007D780F /* NSMutableAttributedString.swift */; };
		7E94B19F267CBDC7007D780F /* Array.swift in Sources */ = {isa = PBXBuildFile; fileRef = 7E94B12F267CB769007D780F /* Array.swift */; };
		7E94B1A0267CBDC9007D780F /* Optional.swift in Sources */ = {isa = PBXBuildFile; fileRef = 7E94B130267CB769007D780F /* Optional.swift */; };
		7E94B1A1267CBDCB007D780F /* Sequence.swift in Sources */ = {isa = PBXBuildFile; fileRef = 7E94B12D267CB769007D780F /* Sequence.swift */; };
		7E94B1A2267CBDCD007D780F /* String.swift in Sources */ = {isa = PBXBuildFile; fileRef = 7E94B12E267CB769007D780F /* String.swift */; };
		7E94B1A3267CBDCF007D780F /* UILayoutPriority.swift in Sources */ = {isa = PBXBuildFile; fileRef = 7E94B131267CB772007D780F /* UILayoutPriority.swift */; };
		7E94B1A4267CBDD1007D780F /* UITableView.swift in Sources */ = {isa = PBXBuildFile; fileRef = 7E94B132267CB772007D780F /* UITableView.swift */; };
		7E94B1A5267CBDD3007D780F /* UIView.swift in Sources */ = {isa = PBXBuildFile; fileRef = 7E94B133267CB772007D780F /* UIView.swift */; };
		7E94B1A6267CBE47007D780F /* UserInputValidatorFactoryProtocol.swift in Sources */ = {isa = PBXBuildFile; fileRef = 7E94B0CB267CAD8B007D780F /* UserInputValidatorFactoryProtocol.swift */; };
		7E94B1A7267CBE49007D780F /* FormValidatorProtocol.swift in Sources */ = {isa = PBXBuildFile; fileRef = 7E94B0CC267CAD8B007D780F /* FormValidatorProtocol.swift */; };
		7E94B1A8267CBE4A007D780F /* StringUserInputValidatable.swift in Sources */ = {isa = PBXBuildFile; fileRef = 7E94B0CE267CAD8B007D780F /* StringUserInputValidatable.swift */; };
		7E94B1A9267CBE4D007D780F /* UserInputValidatorProtocol.swift in Sources */ = {isa = PBXBuildFile; fileRef = 7E94B0CD267CAD8B007D780F /* UserInputValidatorProtocol.swift */; };
		7E94B1AB267CBE88007D780F /* Logger.swift in Sources */ = {isa = PBXBuildFile; fileRef = 7E94B1AA267CBE85007D780F /* Logger.swift */; };
		7E94B1AC267CBF4F007D780F /* Font.swift in Sources */ = {isa = PBXBuildFile; fileRef = 7E94B0DC267CADCC007D780F /* Font.swift */; };
		7E94B1AD267CBF52007D780F /* custom-strings-template-swift4.stencil in Resources */ = {isa = PBXBuildFile; fileRef = 7E94B0D6267CADC2007D780F /* custom-strings-template-swift4.stencil */; };
		7E94B1AE267CBF55007D780F /* Color.swift in Sources */ = {isa = PBXBuildFile; fileRef = 7E94B0DB267CADCC007D780F /* Color.swift */; };
		7E94B1AF267CBF5D007D780F /* Shape.swift in Sources */ = {isa = PBXBuildFile; fileRef = 7E94B0DA267CADCC007D780F /* Shape.swift */; };
		7E94B1B0267CBF5F007D780F /* Style.swift in Sources */ = {isa = PBXBuildFile; fileRef = 7E94B0D9267CADCC007D780F /* Style.swift */; };
		7E94B1B1267CBF61007D780F /* swiftgen-config.yml in Resources */ = {isa = PBXBuildFile; fileRef = 7E94B0D7267CADCC007D780F /* swiftgen-config.yml */; };
		7E94B1B2267CBF63007D780F /* SystemFont.swift in Sources */ = {isa = PBXBuildFile; fileRef = 7E94B0D8267CADCC007D780F /* SystemFont.swift */; };
		7E94B1B3267CBF68007D780F /* Assets.swift in Sources */ = {isa = PBXBuildFile; fileRef = 7E94B0D2267CADBF007D780F /* Assets.swift */; };
		7E94B1B4267CBF6A007D780F /* Fonts.swift in Sources */ = {isa = PBXBuildFile; fileRef = 7E94B0D1267CADBF007D780F /* Fonts.swift */; };
		7E94B1B5267CBF6C007D780F /* Storyboard Scenes.swift in Sources */ = {isa = PBXBuildFile; fileRef = 7E94B0D3267CADBF007D780F /* Storyboard Scenes.swift */; };
		7E94B1B6267CBF6E007D780F /* Storyboard Segues.swift in Sources */ = {isa = PBXBuildFile; fileRef = 7E94B0D4267CADBF007D780F /* Storyboard Segues.swift */; };
		7E94B1B7267CBF71007D780F /* Strings.swift in Sources */ = {isa = PBXBuildFile; fileRef = 7E94B0D5267CADBF007D780F /* Strings.swift */; };
		7E94B1BA267CBF9F007D780F /* Colors.xcassets in Resources */ = {isa = PBXBuildFile; fileRef = 7E94B1B9267CBF9B007D780F /* Colors.xcassets */; };
		7E94B1BB267CBFA0007D780F /* Images.xcassets in Resources */ = {isa = PBXBuildFile; fileRef = 7E94B1B8267CBF9B007D780F /* Images.xcassets */; };
		7E94B1C7267CC073007D780F /* Factories.swift in Sources */ = {isa = PBXBuildFile; fileRef = 7E94B0AB267CAAAD007D780F /* Factories.swift */; };
		7E94B1C8267CC076007D780F /* CoordinatorFactory.swift in Sources */ = {isa = PBXBuildFile; fileRef = 7E94B0AE267CAAAD007D780F /* CoordinatorFactory.swift */; };
		7E94B1C9267CC079007D780F /* DatasourceFactory.swift in Sources */ = {isa = PBXBuildFile; fileRef = 7E94B0AC267CAAAD007D780F /* DatasourceFactory.swift */; };
		7E94B1CA267CC07B007D780F /* ModelFactory.swift in Sources */ = {isa = PBXBuildFile; fileRef = 7E94B0AF267CAAAD007D780F /* ModelFactory.swift */; };
		7E94B1CB267CC07D007D780F /* ViewControllerFactory.swift in Sources */ = {isa = PBXBuildFile; fileRef = 7E94B0AD267CAAAD007D780F /* ViewControllerFactory.swift */; };
/* End PBXBuildFile section */

/* Begin PBXFileReference section */
		6D38AB4E309FA1F810FDF362 /* Pods-XsollaLoginDemo.debug.xcconfig */ = {isa = PBXFileReference; includeInIndex = 1; lastKnownFileType = text.xcconfig; name = "Pods-XsollaLoginDemo.debug.xcconfig"; path = "Target Support Files/Pods-XsollaLoginDemo/Pods-XsollaLoginDemo.debug.xcconfig"; sourceTree = "<group>"; };
		7E0269F52670F16400086EBB /* XsollaLoginDemo.app */ = {isa = PBXFileReference; explicitFileType = wrapper.application; includeInIndex = 0; path = XsollaLoginDemo.app; sourceTree = BUILT_PRODUCTS_DIR; };
		7E0269F82670F16400086EBB /* AppDelegate.swift */ = {isa = PBXFileReference; lastKnownFileType = sourcecode.swift; path = AppDelegate.swift; sourceTree = "<group>"; };
		7E026A292670F25700086EBB /* Info.plist */ = {isa = PBXFileReference; lastKnownFileType = text.plist.xml; path = Info.plist; sourceTree = "<group>"; };
		7E94B0A5267CAA84007D780F /* AppConfig.swift */ = {isa = PBXFileReference; lastKnownFileType = sourcecode.swift; path = AppConfig.swift; sourceTree = "<group>"; };
		7E94B0A7267CAA9E007D780F /* AppState.swift */ = {isa = PBXFileReference; lastKnownFileType = sourcecode.swift; path = AppState.swift; sourceTree = "<group>"; };
		7E94B0A8267CAA9E007D780F /* AppStateProvider.swift */ = {isa = PBXFileReference; lastKnownFileType = sourcecode.swift; path = AppStateProvider.swift; sourceTree = "<group>"; };
		7E94B0AB267CAAAD007D780F /* Factories.swift */ = {isa = PBXFileReference; lastKnownFileType = sourcecode.swift; path = Factories.swift; sourceTree = "<group>"; };
		7E94B0AC267CAAAD007D780F /* DatasourceFactory.swift */ = {isa = PBXFileReference; lastKnownFileType = sourcecode.swift; path = DatasourceFactory.swift; sourceTree = "<group>"; };
		7E94B0AD267CAAAD007D780F /* ViewControllerFactory.swift */ = {isa = PBXFileReference; lastKnownFileType = sourcecode.swift; path = ViewControllerFactory.swift; sourceTree = "<group>"; };
		7E94B0AE267CAAAD007D780F /* CoordinatorFactory.swift */ = {isa = PBXFileReference; lastKnownFileType = sourcecode.swift; path = CoordinatorFactory.swift; sourceTree = "<group>"; };
		7E94B0AF267CAAAD007D780F /* ModelFactory.swift */ = {isa = PBXFileReference; lastKnownFileType = sourcecode.swift; path = ModelFactory.swift; sourceTree = "<group>"; };
		7E94B0B0267CABE0007D780F /* XsollaSDK.swift */ = {isa = PBXFileReference; lastKnownFileType = sourcecode.swift; path = XsollaSDK.swift; sourceTree = "<group>"; };
		7E94B0B1267CABE0007D780F /* XsollaSDKProtocol.swift */ = {isa = PBXFileReference; lastKnownFileType = sourcecode.swift; path = XsollaSDKProtocol.swift; sourceTree = "<group>"; };
		7E94B0B3267CAC49007D780F /* CharacterAsyncUtility.swift */ = {isa = PBXFileReference; lastKnownFileType = sourcecode.swift; path = CharacterAsyncUtility.swift; sourceTree = "<group>"; };
		7E94B0B4267CAC49007D780F /* UserProfileAsyncUtility.swift */ = {isa = PBXFileReference; lastKnownFileType = sourcecode.swift; path = UserProfileAsyncUtility.swift; sourceTree = "<group>"; };
		7E94B0B5267CAC59007D780F /* NavigationController.swift */ = {isa = PBXFileReference; lastKnownFileType = sourcecode.swift; path = NavigationController.swift; sourceTree = "<group>"; };
		7E94B0B6267CAC5A007D780F /* BaseCoordinator.swift */ = {isa = PBXFileReference; lastKnownFileType = sourcecode.swift; path = BaseCoordinator.swift; sourceTree = "<group>"; };
		7E94B0B7267CAC5A007D780F /* EmptyParams.swift */ = {isa = PBXFileReference; lastKnownFileType = sourcecode.swift; path = EmptyParams.swift; sourceTree = "<group>"; };
		7E94B0B8267CAC5A007D780F /* Presenter.swift */ = {isa = PBXFileReference; lastKnownFileType = sourcecode.swift; path = Presenter.swift; sourceTree = "<group>"; };
		7E94B0B9267CAC5A007D780F /* Coordinator.swift */ = {isa = PBXFileReference; lastKnownFileType = sourcecode.swift; path = Coordinator.swift; sourceTree = "<group>"; };
		7E94B0BA267CAC65007D780F /* AuthenticationCoordinator.swift */ = {isa = PBXFileReference; lastKnownFileType = sourcecode.swift; path = AuthenticationCoordinator.swift; sourceTree = "<group>"; };
		7E94B0BB267CAC65007D780F /* MainContainerCoordinator.swift */ = {isa = PBXFileReference; lastKnownFileType = sourcecode.swift; path = MainContainerCoordinator.swift; sourceTree = "<group>"; };
		7E94B0BC267CAC65007D780F /* AppCoordinator.swift */ = {isa = PBXFileReference; lastKnownFileType = sourcecode.swift; path = AppCoordinator.swift; sourceTree = "<group>"; };
		7E94B0BD267CAC65007D780F /* AppCoordinatorBuilder.swift */ = {isa = PBXFileReference; lastKnownFileType = sourcecode.swift; path = AppCoordinatorBuilder.swift; sourceTree = "<group>"; };
		7E94B0BE267CAC65007D780F /* MainContentCoordinator.swift */ = {isa = PBXFileReference; lastKnownFileType = sourcecode.swift; path = MainContentCoordinator.swift; sourceTree = "<group>"; };
		7E94B0BF267CAD58007D780F /* LoggerKitFilter.swift */ = {isa = PBXFileReference; lastKnownFileType = sourcecode.swift; path = LoggerKitFilter.swift; sourceTree = "<group>"; };
		7E94B0C1267CAD58007D780F /* LoggerKitDefaultFilter.swift */ = {isa = PBXFileReference; lastKnownFileType = sourcecode.swift; path = LoggerKitDefaultFilter.swift; sourceTree = "<group>"; };
		7E94B0C2267CAD5E007D780F /* DomainExtensions.swift */ = {isa = PBXFileReference; lastKnownFileType = sourcecode.swift; path = DomainExtensions.swift; sourceTree = "<group>"; };
		7E94B0C3267CAD5E007D780F /* CategoryExtensions.swift */ = {isa = PBXFileReference; lastKnownFileType = sourcecode.swift; path = CategoryExtensions.swift; sourceTree = "<group>"; };
		7E94B0C4267CAD5E007D780F /* LevelExtensions.swift */ = {isa = PBXFileReference; lastKnownFileType = sourcecode.swift; path = LevelExtensions.swift; sourceTree = "<group>"; };
		7E94B0C5267CAD7B007D780F /* UserInputValidatorFactory.swift */ = {isa = PBXFileReference; lastKnownFileType = sourcecode.swift; path = UserInputValidatorFactory.swift; sourceTree = "<group>"; };
		7E94B0C6267CAD80007D780F /* FormValidator.swift */ = {isa = PBXFileReference; lastKnownFileType = sourcecode.swift; path = FormValidator.swift; sourceTree = "<group>"; };
		7E94B0C7267CAD86007D780F /* DefaultStringValidator.swift */ = {isa = PBXFileReference; lastKnownFileType = sourcecode.swift; path = DefaultStringValidator.swift; sourceTree = "<group>"; };
		7E94B0C8267CAD86007D780F /* PasswordValidator.swift */ = {isa = PBXFileReference; lastKnownFileType = sourcecode.swift; path = PasswordValidator.swift; sourceTree = "<group>"; };
		7E94B0C9267CAD86007D780F /* BaseStringValidator.swift */ = {isa = PBXFileReference; lastKnownFileType = sourcecode.swift; path = BaseStringValidator.swift; sourceTree = "<group>"; };
		7E94B0CA267CAD86007D780F /* PhoneNumberValidator.swift */ = {isa = PBXFileReference; lastKnownFileType = sourcecode.swift; path = PhoneNumberValidator.swift; sourceTree = "<group>"; };
		7E94B0CB267CAD8B007D780F /* UserInputValidatorFactoryProtocol.swift */ = {isa = PBXFileReference; lastKnownFileType = sourcecode.swift; path = UserInputValidatorFactoryProtocol.swift; sourceTree = "<group>"; };
		7E94B0CC267CAD8B007D780F /* FormValidatorProtocol.swift */ = {isa = PBXFileReference; lastKnownFileType = sourcecode.swift; path = FormValidatorProtocol.swift; sourceTree = "<group>"; };
		7E94B0CD267CAD8B007D780F /* UserInputValidatorProtocol.swift */ = {isa = PBXFileReference; lastKnownFileType = sourcecode.swift; path = UserInputValidatorProtocol.swift; sourceTree = "<group>"; };
		7E94B0CE267CAD8B007D780F /* StringUserInputValidatable.swift */ = {isa = PBXFileReference; lastKnownFileType = sourcecode.swift; path = StringUserInputValidatable.swift; sourceTree = "<group>"; };
		7E94B0D1267CADBF007D780F /* Fonts.swift */ = {isa = PBXFileReference; lastKnownFileType = sourcecode.swift; path = Fonts.swift; sourceTree = "<group>"; };
		7E94B0D2267CADBF007D780F /* Assets.swift */ = {isa = PBXFileReference; lastKnownFileType = sourcecode.swift; path = Assets.swift; sourceTree = "<group>"; };
		7E94B0D3267CADBF007D780F /* Storyboard Scenes.swift */ = {isa = PBXFileReference; lastKnownFileType = sourcecode.swift; path = "Storyboard Scenes.swift"; sourceTree = "<group>"; };
		7E94B0D4267CADBF007D780F /* Storyboard Segues.swift */ = {isa = PBXFileReference; lastKnownFileType = sourcecode.swift; path = "Storyboard Segues.swift"; sourceTree = "<group>"; };
		7E94B0D5267CADBF007D780F /* Strings.swift */ = {isa = PBXFileReference; lastKnownFileType = sourcecode.swift; path = Strings.swift; sourceTree = "<group>"; };
		7E94B0D6267CADC2007D780F /* custom-strings-template-swift4.stencil */ = {isa = PBXFileReference; lastKnownFileType = text; path = "custom-strings-template-swift4.stencil"; sourceTree = "<group>"; };
		7E94B0D7267CADCC007D780F /* swiftgen-config.yml */ = {isa = PBXFileReference; lastKnownFileType = text.yaml; path = "swiftgen-config.yml"; sourceTree = "<group>"; };
		7E94B0D8267CADCC007D780F /* SystemFont.swift */ = {isa = PBXFileReference; lastKnownFileType = sourcecode.swift; path = SystemFont.swift; sourceTree = "<group>"; };
		7E94B0D9267CADCC007D780F /* Style.swift */ = {isa = PBXFileReference; lastKnownFileType = sourcecode.swift; path = Style.swift; sourceTree = "<group>"; };
		7E94B0DA267CADCC007D780F /* Shape.swift */ = {isa = PBXFileReference; lastKnownFileType = sourcecode.swift; path = Shape.swift; sourceTree = "<group>"; };
		7E94B0DB267CADCC007D780F /* Color.swift */ = {isa = PBXFileReference; lastKnownFileType = sourcecode.swift; path = Color.swift; sourceTree = "<group>"; };
		7E94B0DC267CADCC007D780F /* Font.swift */ = {isa = PBXFileReference; lastKnownFileType = sourcecode.swift; path = Font.swift; sourceTree = "<group>"; };
		7E94B0DD267CAE0C007D780F /* Character.storyboard */ = {isa = PBXFileReference; lastKnownFileType = file.storyboard; path = Character.storyboard; sourceTree = "<group>"; };
		7E94B0DE267CAE0C007D780F /* SideMenu.storyboard */ = {isa = PBXFileReference; lastKnownFileType = file.storyboard; path = SideMenu.storyboard; sourceTree = "<group>"; };
		7E94B0DF267CAE0C007D780F /* Main.storyboard */ = {isa = PBXFileReference; lastKnownFileType = file.storyboard; path = Main.storyboard; sourceTree = "<group>"; };
		7E94B0E0267CAE0C007D780F /* Authentication.storyboard */ = {isa = PBXFileReference; lastKnownFileType = file.storyboard; path = Authentication.storyboard; sourceTree = "<group>"; };
		7E94B0E1267CAE0C007D780F /* LaunchScreen.storyboard */ = {isa = PBXFileReference; lastKnownFileType = file.storyboard; path = LaunchScreen.storyboard; sourceTree = "<group>"; };
		7E94B0E2267CAE0C007D780F /* UserProfile.storyboard */ = {isa = PBXFileReference; lastKnownFileType = file.storyboard; path = UserProfile.storyboard; sourceTree = "<group>"; };
		7E94B0E3267CAEA3007D780F /* Roboto-Medium.ttf */ = {isa = PBXFileReference; lastKnownFileType = file; path = "Roboto-Medium.ttf"; sourceTree = "<group>"; };
		7E94B0E4267CAEA3007D780F /* Roboto-Bold.ttf */ = {isa = PBXFileReference; lastKnownFileType = file; path = "Roboto-Bold.ttf"; sourceTree = "<group>"; };
		7E94B0E5267CAEA4007D780F /* Roboto-Regular.ttf */ = {isa = PBXFileReference; lastKnownFileType = file; path = "Roboto-Regular.ttf"; sourceTree = "<group>"; };
		7E94B0E6267CAEB7007D780F /* NotLocalizable.strings */ = {isa = PBXFileReference; lastKnownFileType = text.plist.strings; path = NotLocalizable.strings; sourceTree = "<group>"; };
		7E94B0E9267CAF52007D780F /* PromisesChainCreatable.swift */ = {isa = PBXFileReference; lastKnownFileType = sourcecode.swift; path = PromisesChainCreatable.swift; sourceTree = "<group>"; };
		7E94B0EA267CAF52007D780F /* EmbeddableControllerContainerProtocol.swift */ = {isa = PBXFileReference; lastKnownFileType = sourcecode.swift; path = EmbeddableControllerContainerProtocol.swift; sourceTree = "<group>"; };
		7E94B0EB267CAF52007D780F /* LoadStatable.swift */ = {isa = PBXFileReference; lastKnownFileType = sourcecode.swift; path = LoadStatable.swift; sourceTree = "<group>"; };
		7E94B0EC267CAF5C007D780F /* ActivityIndicator.swift */ = {isa = PBXFileReference; lastKnownFileType = sourcecode.swift; path = ActivityIndicator.swift; sourceTree = "<group>"; };
		7E94B0ED267CAF5C007D780F /* Box.swift */ = {isa = PBXFileReference; lastKnownFileType = sourcecode.swift; path = Box.swift; sourceTree = "<group>"; };
		7E94B0EE267CAF5C007D780F /* LoadState.swift */ = {isa = PBXFileReference; lastKnownFileType = sourcecode.swift; path = LoadState.swift; sourceTree = "<group>"; };
		7E94B0EF267CAF5C007D780F /* TableView.swift */ = {isa = PBXFileReference; lastKnownFileType = sourcecode.swift; path = TableView.swift; sourceTree = "<group>"; };
		7E94B0F0267CAF5C007D780F /* ActivityIndicatingViewController.swift */ = {isa = PBXFileReference; lastKnownFileType = sourcecode.swift; path = ActivityIndicatingViewController.swift; sourceTree = "<group>"; };
		7E94B0F1267CAF5D007D780F /* AtomicPropertyWrapper.swift */ = {isa = PBXFileReference; lastKnownFileType = sourcecode.swift; path = AtomicPropertyWrapper.swift; sourceTree = "<group>"; };
		7E94B0F2267CAF5D007D780F /* BaseTableViewController.swift */ = {isa = PBXFileReference; lastKnownFileType = sourcecode.swift; path = BaseTableViewController.swift; sourceTree = "<group>"; };
		7E94B0F3267CAF5D007D780F /* AvatarButtonView.swift */ = {isa = PBXFileReference; lastKnownFileType = sourcecode.swift; path = AvatarButtonView.swift; sourceTree = "<group>"; };
		7E94B0F4267CAF5D007D780F /* RadialGradientView.swift */ = {isa = PBXFileReference; lastKnownFileType = sourcecode.swift; path = RadialGradientView.swift; sourceTree = "<group>"; };
		7E94B0F5267CAF5D007D780F /* Button.swift */ = {isa = PBXFileReference; lastKnownFileType = sourcecode.swift; path = Button.swift; sourceTree = "<group>"; };
		7E94B0F6267CAF5D007D780F /* TapGesture.swift */ = {isa = PBXFileReference; lastKnownFileType = sourcecode.swift; path = TapGesture.swift; sourceTree = "<group>"; };
		7E94B0F7267CAF5D007D780F /* BaseViewController.swift */ = {isa = PBXFileReference; lastKnownFileType = sourcecode.swift; path = BaseViewController.swift; sourceTree = "<group>"; };
		7E94B0F8267CAF5D007D780F /* BaseView.swift */ = {isa = PBXFileReference; lastKnownFileType = sourcecode.swift; path = BaseView.swift; sourceTree = "<group>"; };
		7E94B0F9267CAF5D007D780F /* FloatingTitleTextField.swift */ = {isa = PBXFileReference; lastKnownFileType = sourcecode.swift; path = FloatingTitleTextField.swift; sourceTree = "<group>"; };
		7E94B0FA267CAF5D007D780F /* Label.swift */ = {isa = PBXFileReference; lastKnownFileType = sourcecode.swift; path = Label.swift; sourceTree = "<group>"; };
		7E94B0FB267CAF5D007D780F /* TabbarViewController.swift */ = {isa = PBXFileReference; lastKnownFileType = sourcecode.swift; path = TabbarViewController.swift; sourceTree = "<group>"; };
		7E94B0FC267CAF5D007D780F /* ThreadSafeArray.swift */ = {isa = PBXFileReference; lastKnownFileType = sourcecode.swift; path = ThreadSafeArray.swift; sourceTree = "<group>"; };
		7E94B0FD267CAF5D007D780F /* CalendarComponent.swift */ = {isa = PBXFileReference; lastKnownFileType = sourcecode.swift; path = CalendarComponent.swift; sourceTree = "<group>"; };
		7E94B0FE267CAF5E007D780F /* TableViewCell.swift */ = {isa = PBXFileReference; lastKnownFileType = sourcecode.swift; path = TableViewCell.swift; sourceTree = "<group>"; };
		7E94B0FF267CAF5E007D780F /* Image.swift */ = {isa = PBXFileReference; lastKnownFileType = sourcecode.swift; path = Image.swift; sourceTree = "<group>"; };
		7E94B100267CAF5E007D780F /* TextFieldDelegateProxy.swift */ = {isa = PBXFileReference; lastKnownFileType = sourcecode.swift; path = TextFieldDelegateProxy.swift; sourceTree = "<group>"; };
		7E94B101267CAF6D007D780F /* WebBrowserVC.swift */ = {isa = PBXFileReference; lastKnownFileType = sourcecode.swift; path = WebBrowserVC.swift; sourceTree = "<group>"; };
		7E94B102267CAF6D007D780F /* BottomPopupVC.swift */ = {isa = PBXFileReference; lastKnownFileType = sourcecode.swift; path = BottomPopupVC.swift; sourceTree = "<group>"; };
		7E94B104267CAF8A007D780F /* SignupVC.swift */ = {isa = PBXFileReference; lastKnownFileType = sourcecode.swift; path = SignupVC.swift; sourceTree = "<group>"; };
		7E94B105267CAF8A007D780F /* RecoverPasswordVC.swift */ = {isa = PBXFileReference; lastKnownFileType = sourcecode.swift; path = RecoverPasswordVC.swift; sourceTree = "<group>"; };
		7E94B106267CAF8A007D780F /* SocialNetworksListVC.swift */ = {isa = PBXFileReference; lastKnownFileType = sourcecode.swift; path = SocialNetworksListVC.swift; sourceTree = "<group>"; };
		7E94B107267CAF8A007D780F /* AuthenticationMainVC.swift */ = {isa = PBXFileReference; lastKnownFileType = sourcecode.swift; path = AuthenticationMainVC.swift; sourceTree = "<group>"; };
		7E94B108267CAF8A007D780F /* LoginVC.swift */ = {isa = PBXFileReference; lastKnownFileType = sourcecode.swift; path = LoginVC.swift; sourceTree = "<group>"; };
		7E94B10A267CAFDA007D780F /* SideMenuContentVC.swift */ = {isa = PBXFileReference; lastKnownFileType = sourcecode.swift; path = SideMenuContentVC.swift; sourceTree = "<group>"; };
		7E94B10B267CAFDA007D780F /* SideMenuVC.swift */ = {isa = PBXFileReference; lastKnownFileType = sourcecode.swift; path = SideMenuVC.swift; sourceTree = "<group>"; };
		7E94B10D267CAFF4007D780F /* MenuItemView.swift */ = {isa = PBXFileReference; lastKnownFileType = sourcecode.swift; path = MenuItemView.swift; sourceTree = "<group>"; };
		7E94B10E267CAFF4007D780F /* ExpandableMenuItemsSectionView.swift */ = {isa = PBXFileReference; lastKnownFileType = sourcecode.swift; path = ExpandableMenuItemsSectionView.swift; sourceTree = "<group>"; };
		7E94B110267CB68A007D780F /* MainVC.swift */ = {isa = PBXFileReference; lastKnownFileType = sourcecode.swift; path = MainVC.swift; sourceTree = "<group>"; };
		7E94B112267CB6C9007D780F /* UserProfileAvatarSelectorVC.swift */ = {isa = PBXFileReference; lastKnownFileType = sourcecode.swift; path = UserProfileAvatarSelectorVC.swift; sourceTree = "<group>"; };
		7E94B113267CB6C9007D780F /* UserProfileVC.swift */ = {isa = PBXFileReference; lastKnownFileType = sourcecode.swift; path = UserProfileVC.swift; sourceTree = "<group>"; };
		7E94B115267CB6DD007D780F /* UserAttributeListAddAttributeCell.xib */ = {isa = PBXFileReference; lastKnownFileType = file.xib; path = UserAttributeListAddAttributeCell.xib; sourceTree = "<group>"; };
		7E94B116267CB6DD007D780F /* AttributeEditorVC.swift */ = {isa = PBXFileReference; lastKnownFileType = sourcecode.swift; path = AttributeEditorVC.swift; sourceTree = "<group>"; };
		7E94B117267CB6DD007D780F /* UserAttributeListInfoCell.xib */ = {isa = PBXFileReference; lastKnownFileType = file.xib; path = UserAttributeListInfoCell.xib; sourceTree = "<group>"; };
		7E94B118267CB6DE007D780F /* UserAttributeListItemCell.swift */ = {isa = PBXFileReference; lastKnownFileType = sourcecode.swift; path = UserAttributeListItemCell.swift; sourceTree = "<group>"; };
		7E94B119267CB6DE007D780F /* UserAttributeListInfoCell.swift */ = {isa = PBXFileReference; lastKnownFileType = sourcecode.swift; path = UserAttributeListInfoCell.swift; sourceTree = "<group>"; };
		7E94B11A267CB6DE007D780F /* UserAttributeListAddAttributeCell.swift */ = {isa = PBXFileReference; lastKnownFileType = sourcecode.swift; path = UserAttributeListAddAttributeCell.swift; sourceTree = "<group>"; };
		7E94B11B267CB6DE007D780F /* UserAttributeListItemCell.xib */ = {isa = PBXFileReference; lastKnownFileType = file.xib; path = UserAttributeListItemCell.xib; sourceTree = "<group>"; };
		7E94B11C267CB6DE007D780F /* CharacterVC.swift */ = {isa = PBXFileReference; lastKnownFileType = sourcecode.swift; path = CharacterVC.swift; sourceTree = "<group>"; };
		7E94B11D267CB708007D780F /* LoginFormData.swift */ = {isa = PBXFileReference; lastKnownFileType = sourcecode.swift; path = LoginFormData.swift; sourceTree = "<group>"; };
		7E94B11E267CB708007D780F /* SignupFormData.swift */ = {isa = PBXFileReference; lastKnownFileType = sourcecode.swift; path = SignupFormData.swift; sourceTree = "<group>"; };
		7E94B11F267CB708007D780F /* SocialNetwork.swift */ = {isa = PBXFileReference; lastKnownFileType = sourcecode.swift; path = SocialNetwork.swift; sourceTree = "<group>"; };
		7E94B120267CB708007D780F /* RecoverPasswordFormData.swift */ = {isa = PBXFileReference; lastKnownFileType = sourcecode.swift; path = RecoverPasswordFormData.swift; sourceTree = "<group>"; };
		7E94B121267CB708007D780F /* LoginManager.swift */ = {isa = PBXFileReference; lastKnownFileType = sourcecode.swift; path = LoginManager.swift; sourceTree = "<group>"; };
		7E94B123267CB729007D780F /* CustomUserAttributesListDataSource.swift */ = {isa = PBXFileReference; lastKnownFileType = sourcecode.swift; path = CustomUserAttributesListDataSource.swift; sourceTree = "<group>"; };
		7E94B124267CB72A007D780F /* ReadonlyUserAttributesListDataSource.swift */ = {isa = PBXFileReference; lastKnownFileType = sourcecode.swift; path = ReadonlyUserAttributesListDataSource.swift; sourceTree = "<group>"; };
		7E94B125267CB72A007D780F /* UnifiedUserAttribute.swift */ = {isa = PBXFileReference; lastKnownFileType = sourcecode.swift; path = UnifiedUserAttribute.swift; sourceTree = "<group>"; };
		7E94B126267CB72A007D780F /* UserAttributesListDataSource.swift */ = {isa = PBXFileReference; lastKnownFileType = sourcecode.swift; path = UserAttributesListDataSource.swift; sourceTree = "<group>"; };
		7E94B127267CB72A007D780F /* UserCharacter.swift */ = {isa = PBXFileReference; lastKnownFileType = sourcecode.swift; path = UserCharacter.swift; sourceTree = "<group>"; };
		7E94B129267CB745007D780F /* UserProfileMandatoryDetails.swift */ = {isa = PBXFileReference; lastKnownFileType = sourcecode.swift; path = UserProfileMandatoryDetails.swift; sourceTree = "<group>"; };
		7E94B12A267CB745007D780F /* UserProfile.swift */ = {isa = PBXFileReference; lastKnownFileType = sourcecode.swift; path = UserProfile.swift; sourceTree = "<group>"; };
		7E94B12B267CB764007D780F /* NSAttributedString.swift */ = {isa = PBXFileReference; lastKnownFileType = sourcecode.swift; path = NSAttributedString.swift; sourceTree = "<group>"; };
		7E94B12C267CB764007D780F /* NSMutableAttributedString.swift */ = {isa = PBXFileReference; lastKnownFileType = sourcecode.swift; path = NSMutableAttributedString.swift; sourceTree = "<group>"; };
		7E94B12D267CB769007D780F /* Sequence.swift */ = {isa = PBXFileReference; lastKnownFileType = sourcecode.swift; path = Sequence.swift; sourceTree = "<group>"; };
		7E94B12E267CB769007D780F /* String.swift */ = {isa = PBXFileReference; lastKnownFileType = sourcecode.swift; path = String.swift; sourceTree = "<group>"; };
		7E94B12F267CB769007D780F /* Array.swift */ = {isa = PBXFileReference; lastKnownFileType = sourcecode.swift; path = Array.swift; sourceTree = "<group>"; };
		7E94B130267CB769007D780F /* Optional.swift */ = {isa = PBXFileReference; lastKnownFileType = sourcecode.swift; path = Optional.swift; sourceTree = "<group>"; };
		7E94B131267CB772007D780F /* UILayoutPriority.swift */ = {isa = PBXFileReference; lastKnownFileType = sourcecode.swift; path = UILayoutPriority.swift; sourceTree = "<group>"; };
		7E94B132267CB772007D780F /* UITableView.swift */ = {isa = PBXFileReference; lastKnownFileType = sourcecode.swift; path = UITableView.swift; sourceTree = "<group>"; };
		7E94B133267CB772007D780F /* UIView.swift */ = {isa = PBXFileReference; lastKnownFileType = sourcecode.swift; path = UIView.swift; sourceTree = "<group>"; };
		7E94B135267CBBDE007D780F /* en */ = {isa = PBXFileReference; lastKnownFileType = text.plist.strings; name = en; path = en.lproj/Localizable.strings; sourceTree = "<group>"; };
		7E94B15D267CBD05007D780F /* avatar_4.png */ = {isa = PBXFileReference; lastKnownFileType = image.png; path = avatar_4.png; sourceTree = "<group>"; };
		7E94B15E267CBD05007D780F /* avatar_2.png */ = {isa = PBXFileReference; lastKnownFileType = image.png; path = avatar_2.png; sourceTree = "<group>"; };
		7E94B15F267CBD05007D780F /* avatar_1.png */ = {isa = PBXFileReference; lastKnownFileType = image.png; path = avatar_1.png; sourceTree = "<group>"; };
		7E94B160267CBD05007D780F /* avatar_3.png */ = {isa = PBXFileReference; lastKnownFileType = image.png; path = avatar_3.png; sourceTree = "<group>"; };
		7E94B161267CBD05007D780F /* avatar_5.png */ = {isa = PBXFileReference; lastKnownFileType = image.png; path = avatar_5.png; sourceTree = "<group>"; };
		7E94B162267CBD05007D780F /* avatar_0.png */ = {isa = PBXFileReference; lastKnownFileType = image.png; path = avatar_0.png; sourceTree = "<group>"; };
		7E94B1AA267CBE85007D780F /* Logger.swift */ = {isa = PBXFileReference; lastKnownFileType = sourcecode.swift; path = Logger.swift; sourceTree = "<group>"; };
		7E94B1B8267CBF9B007D780F /* Images.xcassets */ = {isa = PBXFileReference; lastKnownFileType = folder.assetcatalog; path = Images.xcassets; sourceTree = "<group>"; };
		7E94B1B9267CBF9B007D780F /* Colors.xcassets */ = {isa = PBXFileReference; lastKnownFileType = folder.assetcatalog; path = Colors.xcassets; sourceTree = "<group>"; };
		7E94B1CC267CC10F007D780F /* LaunchScreen.storyboard */ = {isa = PBXFileReference; lastKnownFileType = file.storyboard; name = LaunchScreen.storyboard; path = "../../../../xsolla-ios-sdk/Example/Example/Resources/Storyboards/LaunchScreen.storyboard"; sourceTree = "<group>"; };
		CD63ADF7C180FA3092D4997A /* Pods-XsollaLoginDemo.release.xcconfig */ = {isa = PBXFileReference; includeInIndex = 1; lastKnownFileType = text.xcconfig; name = "Pods-XsollaLoginDemo.release.xcconfig"; path = "Target Support Files/Pods-XsollaLoginDemo/Pods-XsollaLoginDemo.release.xcconfig"; sourceTree = "<group>"; };
/* End PBXFileReference section */

/* Begin PBXFrameworksBuildPhase section */
		7E0269F22670F16400086EBB /* Frameworks */ = {
			isa = PBXFrameworksBuildPhase;
			buildActionMask = 2147483647;
			files = (
			);
			runOnlyForDeploymentPostprocessing = 0;
		};
/* End PBXFrameworksBuildPhase section */

/* Begin PBXGroup section */
		07999841506E604889B4597F /* Pods */ = {
			isa = PBXGroup;
			children = (
				6D38AB4E309FA1F810FDF362 /* Pods-XsollaLoginDemo.debug.xcconfig */,
				CD63ADF7C180FA3092D4997A /* Pods-XsollaLoginDemo.release.xcconfig */,
			);
			path = Pods;
			sourceTree = "<group>";
		};
		67E6C00683740863A5EBB53B /* Frameworks */ = {
			isa = PBXGroup;
			children = (
			);
			name = Frameworks;
			sourceTree = "<group>";
		};
		7E0269EC2670F16400086EBB = {
			isa = PBXGroup;
			children = (
				7E0269F72670F16400086EBB /* XsollaLoginDemo */,
				7E0269F62670F16400086EBB /* Products */,
				07999841506E604889B4597F /* Pods */,
				67E6C00683740863A5EBB53B /* Frameworks */,
			);
			sourceTree = "<group>";
		};
		7E0269F62670F16400086EBB /* Products */ = {
			isa = PBXGroup;
			children = (
				7E0269F52670F16400086EBB /* XsollaLoginDemo.app */,
			);
			name = Products;
			sourceTree = "<group>";
		};
		7E0269F72670F16400086EBB /* XsollaLoginDemo */ = {
			isa = PBXGroup;
			children = (
				7E026A0D2670F18600086EBB /* App */,
				7E026A0E2670F18600086EBB /* Services */,
				7E026A152670F18600086EBB /* Factories */,
				7E026A0C2670F18500086EBB /* Models */,
				7E026A162670F18600086EBB /* Resources */,
				7E026A132670F18600086EBB /* UI */,
				7E026A1C2670F18600086EBB /* Custom Types */,
				7E026A142670F18600086EBB /* Custom Protocols */,
				7E026A1B2670F18600086EBB /* Extensions */,
			);
			path = XsollaLoginDemo;
			sourceTree = "<group>";
		};
		7E026A0C2670F18500086EBB /* Models */ = {
			isa = PBXGroup;
			children = (
				7E94B128267CB73F007D780F /* User Profile */,
				7E94B122267CB71D007D780F /* Character */,
				7E94B11D267CB708007D780F /* LoginFormData.swift */,
				7E94B121267CB708007D780F /* LoginManager.swift */,
				7E94B120267CB708007D780F /* RecoverPasswordFormData.swift */,
				7E94B11E267CB708007D780F /* SignupFormData.swift */,
				7E94B11F267CB708007D780F /* SocialNetwork.swift */,
			);
			path = Models;
			sourceTree = "<group>";
		};
		7E026A0D2670F18600086EBB /* App */ = {
			isa = PBXGroup;
			children = (
				7E0269F82670F16400086EBB /* AppDelegate.swift */,
				7E94B0A5267CAA84007D780F /* AppConfig.swift */,
				7E94B0A7267CAA9E007D780F /* AppState.swift */,
				7E94B0A8267CAA9E007D780F /* AppStateProvider.swift */,
				7E026A292670F25700086EBB /* Info.plist */,
			);
			path = App;
			sourceTree = "<group>";
		};
		7E026A0E2670F18600086EBB /* Services */ = {
			isa = PBXGroup;
			children = (
				7E026A0F2670F18600086EBB /* Navigation */,
				7E026A102670F18600086EBB /* Logging */,
				7E026A112670F18600086EBB /* XsollaSDK */,
				7E026A122670F18600086EBB /* Validation */,
			);
			path = Services;
			sourceTree = "<group>";
		};
		7E026A0F2670F18600086EBB /* Navigation */ = {
			isa = PBXGroup;
			children = (
				7E94B096267CA768007D780F /* Base Coordinator */,
				7E94B097267CA770007D780F /* Coordinators */,
			);
			path = Navigation;
			sourceTree = "<group>";
		};
		7E026A102670F18600086EBB /* Logging */ = {
			isa = PBXGroup;
			children = (
				7E94B098267CA78A007D780F /* Filters */,
				7E94B099267CA78F007D780F /* Extensions */,
				7E94B1AA267CBE85007D780F /* Logger.swift */,
			);
			path = Logging;
			sourceTree = "<group>";
		};
		7E026A112670F18600086EBB /* XsollaSDK */ = {
			isa = PBXGroup;
			children = (
				7E94B0B2267CAC41007D780F /* AsyncUtilities */,
				7E94B0B1267CABE0007D780F /* XsollaSDKProtocol.swift */,
				7E94B0B0267CABE0007D780F /* XsollaSDK.swift */,
			);
			path = XsollaSDK;
			sourceTree = "<group>";
		};
		7E026A122670F18600086EBB /* Validation */ = {
			isa = PBXGroup;
			children = (
				7E94B09A267CA7B4007D780F /* User Input */,
			);
			path = Validation;
			sourceTree = "<group>";
		};
		7E026A132670F18600086EBB /* UI */ = {
			isa = PBXGroup;
			children = (
				7E94B10F267CB681007D780F /* Main */,
				7E94B109267CAFD1007D780F /* SideMenu */,
				7E94B103267CAF7F007D780F /* Authentication */,
				7E94B102267CAF6D007D780F /* BottomPopupVC.swift */,
				7E94B101267CAF6D007D780F /* WebBrowserVC.swift */,
			);
			path = UI;
			sourceTree = "<group>";
		};
		7E026A142670F18600086EBB /* Custom Protocols */ = {
			isa = PBXGroup;
			children = (
				7E94B0EA267CAF52007D780F /* EmbeddableControllerContainerProtocol.swift */,
				7E94B0EB267CAF52007D780F /* LoadStatable.swift */,
				7E94B0E9267CAF52007D780F /* PromisesChainCreatable.swift */,
			);
			path = "Custom Protocols";
			sourceTree = "<group>";
		};
		7E026A152670F18600086EBB /* Factories */ = {
			isa = PBXGroup;
			children = (
				7E94B0AE267CAAAD007D780F /* CoordinatorFactory.swift */,
				7E94B0AC267CAAAD007D780F /* DatasourceFactory.swift */,
				7E94B0AB267CAAAD007D780F /* Factories.swift */,
				7E94B0AF267CAAAD007D780F /* ModelFactory.swift */,
				7E94B0AD267CAAAD007D780F /* ViewControllerFactory.swift */,
			);
			path = Factories;
			sourceTree = "<group>";
		};
		7E026A162670F18600086EBB /* Resources */ = {
			isa = PBXGroup;
			children = (
				7E94B09F267CA7FA007D780F /* Xibs */,
				7E94B09E267CA7E8007D780F /* Images */,
				7E026A172670F18600086EBB /* Storyboards */,
				7E026A182670F18600086EBB /* Swiftgen */,
				7E026A192670F18600086EBB /* Fonts */,
				7E026A1A2670F18600086EBB /* Localization */,
				7E94B1B9267CBF9B007D780F /* Colors.xcassets */,
				7E94B1B8267CBF9B007D780F /* Images.xcassets */,
			);
			path = Resources;
			sourceTree = "<group>";
		};
		7E026A172670F18600086EBB /* Storyboards */ = {
			isa = PBXGroup;
			children = (
				7E94B0E0267CAE0C007D780F /* Authentication.storyboard */,
				7E94B0DD267CAE0C007D780F /* Character.storyboard */,
				7E94B0E1267CAE0C007D780F /* LaunchScreen.storyboard */,
				7E94B0DF267CAE0C007D780F /* Main.storyboard */,
				7E94B0DE267CAE0C007D780F /* SideMenu.storyboard */,
				7E94B0E2267CAE0C007D780F /* UserProfile.storyboard */,
				7E94B1CC267CC10F007D780F /* LaunchScreen.storyboard */,
			);
			path = Storyboards;
			sourceTree = "<group>";
		};
		7E026A182670F18600086EBB /* Swiftgen */ = {
			isa = PBXGroup;
			children = (
				7E94B0CF267CADAC007D780F /* Generated */,
				7E94B0D0267CADB4007D780F /* Templates */,
				7E94B0DB267CADCC007D780F /* Color.swift */,
				7E94B0DC267CADCC007D780F /* Font.swift */,
				7E94B0DA267CADCC007D780F /* Shape.swift */,
				7E94B0D9267CADCC007D780F /* Style.swift */,
				7E94B0D7267CADCC007D780F /* swiftgen-config.yml */,
				7E94B0D8267CADCC007D780F /* SystemFont.swift */,
			);
			path = Swiftgen;
			sourceTree = "<group>";
		};
		7E026A192670F18600086EBB /* Fonts */ = {
			isa = PBXGroup;
			children = (
				7E94B0E4267CAEA3007D780F /* Roboto-Bold.ttf */,
				7E94B0E3267CAEA3007D780F /* Roboto-Medium.ttf */,
				7E94B0E5267CAEA4007D780F /* Roboto-Regular.ttf */,
			);
			path = Fonts;
			sourceTree = "<group>";
		};
		7E026A1A2670F18600086EBB /* Localization */ = {
			isa = PBXGroup;
			children = (
				7E94B136267CBBDE007D780F /* Localizable.strings */,
				7E94B0E6267CAEB7007D780F /* NotLocalizable.strings */,
			);
			path = Localization;
			sourceTree = "<group>";
		};
		7E026A1B2670F18600086EBB /* Extensions */ = {
			isa = PBXGroup;
			children = (
				7E94B0A2267CA82D007D780F /* Foundation */,
				7E94B0A1267CA828007D780F /* Swift */,
				7E94B0A0267CA81F007D780F /* UIKit */,
			);
			path = Extensions;
			sourceTree = "<group>";
		};
		7E026A1C2670F18600086EBB /* Custom Types */ = {
			isa = PBXGroup;
			children = (
				7E94B0F0267CAF5C007D780F /* ActivityIndicatingViewController.swift */,
				7E94B0EC267CAF5C007D780F /* ActivityIndicator.swift */,
				7E94B0F1267CAF5D007D780F /* AtomicPropertyWrapper.swift */,
				7E94B0F3267CAF5D007D780F /* AvatarButtonView.swift */,
				7E94B0F2267CAF5D007D780F /* BaseTableViewController.swift */,
				7E94B0F8267CAF5D007D780F /* BaseView.swift */,
				7E94B0F7267CAF5D007D780F /* BaseViewController.swift */,
				7E94B0ED267CAF5C007D780F /* Box.swift */,
				7E94B0F5267CAF5D007D780F /* Button.swift */,
				7E94B0FD267CAF5D007D780F /* CalendarComponent.swift */,
				7E94B0F9267CAF5D007D780F /* FloatingTitleTextField.swift */,
				7E94B0FF267CAF5E007D780F /* Image.swift */,
				7E94B0FA267CAF5D007D780F /* Label.swift */,
				7E94B0EE267CAF5C007D780F /* LoadState.swift */,
				7E94B0F4267CAF5D007D780F /* RadialGradientView.swift */,
				7E94B0FB267CAF5D007D780F /* TabbarViewController.swift */,
				7E94B0EF267CAF5C007D780F /* TableView.swift */,
				7E94B0FE267CAF5E007D780F /* TableViewCell.swift */,
				7E94B0F6267CAF5D007D780F /* TapGesture.swift */,
				7E94B100267CAF5E007D780F /* TextFieldDelegateProxy.swift */,
				7E94B0FC267CAF5D007D780F /* ThreadSafeArray.swift */,
			);
			path = "Custom Types";
			sourceTree = "<group>";
		};
		7E94B096267CA768007D780F /* Base Coordinator */ = {
			isa = PBXGroup;
			children = (
				7E94B0B6267CAC5A007D780F /* BaseCoordinator.swift */,
				7E94B0B9267CAC5A007D780F /* Coordinator.swift */,
				7E94B0B7267CAC5A007D780F /* EmptyParams.swift */,
				7E94B0B5267CAC59007D780F /* NavigationController.swift */,
				7E94B0B8267CAC5A007D780F /* Presenter.swift */,
			);
			path = "Base Coordinator";
			sourceTree = "<group>";
		};
		7E94B097267CA770007D780F /* Coordinators */ = {
			isa = PBXGroup;
			children = (
				7E94B0BC267CAC65007D780F /* AppCoordinator.swift */,
				7E94B0BD267CAC65007D780F /* AppCoordinatorBuilder.swift */,
				7E94B0BA267CAC65007D780F /* AuthenticationCoordinator.swift */,
				7E94B0BB267CAC65007D780F /* MainContainerCoordinator.swift */,
				7E94B0BE267CAC65007D780F /* MainContentCoordinator.swift */,
			);
			path = Coordinators;
			sourceTree = "<group>";
		};
		7E94B098267CA78A007D780F /* Filters */ = {
			isa = PBXGroup;
			children = (
				7E94B0C1267CAD58007D780F /* LoggerKitDefaultFilter.swift */,
				7E94B0BF267CAD58007D780F /* LoggerKitFilter.swift */,
			);
			path = Filters;
			sourceTree = "<group>";
		};
		7E94B099267CA78F007D780F /* Extensions */ = {
			isa = PBXGroup;
			children = (
				7E94B0C3267CAD5E007D780F /* CategoryExtensions.swift */,
				7E94B0C2267CAD5E007D780F /* DomainExtensions.swift */,
				7E94B0C4267CAD5E007D780F /* LevelExtensions.swift */,
			);
			path = Extensions;
			sourceTree = "<group>";
		};
		7E94B09A267CA7B4007D780F /* User Input */ = {
			isa = PBXGroup;
			children = (
				7E94B09D267CA7CA007D780F /* Form Validators */,
				7E94B09C267CA7C2007D780F /* Field Validators */,
				7E94B09B267CA7BC007D780F /* Protocols */,
				7E94B0C5267CAD7B007D780F /* UserInputValidatorFactory.swift */,
			);
			path = "User Input";
			sourceTree = "<group>";
		};
		7E94B09B267CA7BC007D780F /* Protocols */ = {
			isa = PBXGroup;
			children = (
				7E94B0CC267CAD8B007D780F /* FormValidatorProtocol.swift */,
				7E94B0CE267CAD8B007D780F /* StringUserInputValidatable.swift */,
				7E94B0CB267CAD8B007D780F /* UserInputValidatorFactoryProtocol.swift */,
				7E94B0CD267CAD8B007D780F /* UserInputValidatorProtocol.swift */,
			);
			path = Protocols;
			sourceTree = "<group>";
		};
		7E94B09C267CA7C2007D780F /* Field Validators */ = {
			isa = PBXGroup;
			children = (
				7E94B0C9267CAD86007D780F /* BaseStringValidator.swift */,
				7E94B0C7267CAD86007D780F /* DefaultStringValidator.swift */,
				7E94B0C8267CAD86007D780F /* PasswordValidator.swift */,
				7E94B0CA267CAD86007D780F /* PhoneNumberValidator.swift */,
			);
			path = "Field Validators";
			sourceTree = "<group>";
		};
		7E94B09D267CA7CA007D780F /* Form Validators */ = {
			isa = PBXGroup;
			children = (
				7E94B0C6267CAD80007D780F /* FormValidator.swift */,
			);
			path = "Form Validators";
			sourceTree = "<group>";
		};
		7E94B09E267CA7E8007D780F /* Images */ = {
			isa = PBXGroup;
			children = (
				7E94B162267CBD05007D780F /* avatar_0.png */,
				7E94B15F267CBD05007D780F /* avatar_1.png */,
				7E94B15E267CBD05007D780F /* avatar_2.png */,
				7E94B160267CBD05007D780F /* avatar_3.png */,
				7E94B15D267CBD05007D780F /* avatar_4.png */,
				7E94B161267CBD05007D780F /* avatar_5.png */,
			);
			path = Images;
			sourceTree = "<group>";
		};
		7E94B09F267CA7FA007D780F /* Xibs */ = {
			isa = PBXGroup;
			children = (
			);
			path = Xibs;
			sourceTree = "<group>";
		};
		7E94B0A0267CA81F007D780F /* UIKit */ = {
			isa = PBXGroup;
			children = (
				7E94B131267CB772007D780F /* UILayoutPriority.swift */,
				7E94B132267CB772007D780F /* UITableView.swift */,
				7E94B133267CB772007D780F /* UIView.swift */,
			);
			path = UIKit;
			sourceTree = "<group>";
		};
		7E94B0A1267CA828007D780F /* Swift */ = {
			isa = PBXGroup;
			children = (
				7E94B12F267CB769007D780F /* Array.swift */,
				7E94B130267CB769007D780F /* Optional.swift */,
				7E94B12D267CB769007D780F /* Sequence.swift */,
				7E94B12E267CB769007D780F /* String.swift */,
			);
			path = Swift;
			sourceTree = "<group>";
		};
		7E94B0A2267CA82D007D780F /* Foundation */ = {
			isa = PBXGroup;
			children = (
				7E94B12B267CB764007D780F /* NSAttributedString.swift */,
				7E94B12C267CB764007D780F /* NSMutableAttributedString.swift */,
			);
			path = Foundation;
			sourceTree = "<group>";
		};
		7E94B0B2267CAC41007D780F /* AsyncUtilities */ = {
			isa = PBXGroup;
			children = (
				7E94B0B3267CAC49007D780F /* CharacterAsyncUtility.swift */,
				7E94B0B4267CAC49007D780F /* UserProfileAsyncUtility.swift */,
			);
			path = AsyncUtilities;
			sourceTree = "<group>";
		};
		7E94B0CF267CADAC007D780F /* Generated */ = {
			isa = PBXGroup;
			children = (
				7E94B0D2267CADBF007D780F /* Assets.swift */,
				7E94B0D1267CADBF007D780F /* Fonts.swift */,
				7E94B0D3267CADBF007D780F /* Storyboard Scenes.swift */,
				7E94B0D4267CADBF007D780F /* Storyboard Segues.swift */,
				7E94B0D5267CADBF007D780F /* Strings.swift */,
			);
			path = Generated;
			sourceTree = "<group>";
		};
		7E94B0D0267CADB4007D780F /* Templates */ = {
			isa = PBXGroup;
			children = (
				7E94B0D6267CADC2007D780F /* custom-strings-template-swift4.stencil */,
			);
			path = Templates;
			sourceTree = "<group>";
		};
		7E94B103267CAF7F007D780F /* Authentication */ = {
			isa = PBXGroup;
			children = (
				7E94B107267CAF8A007D780F /* AuthenticationMainVC.swift */,
				7E94B108267CAF8A007D780F /* LoginVC.swift */,
				7E94B105267CAF8A007D780F /* RecoverPasswordVC.swift */,
				7E94B104267CAF8A007D780F /* SignupVC.swift */,
				7E94B106267CAF8A007D780F /* SocialNetworksListVC.swift */,
			);
			path = Authentication;
			sourceTree = "<group>";
		};
		7E94B109267CAFD1007D780F /* SideMenu */ = {
			isa = PBXGroup;
			children = (
				7E94B10C267CAFE8007D780F /* Views */,
				7E94B10A267CAFDA007D780F /* SideMenuContentVC.swift */,
				7E94B10B267CAFDA007D780F /* SideMenuVC.swift */,
			);
			path = SideMenu;
			sourceTree = "<group>";
		};
		7E94B10C267CAFE8007D780F /* Views */ = {
			isa = PBXGroup;
			children = (
				7E94B10E267CAFF4007D780F /* ExpandableMenuItemsSectionView.swift */,
				7E94B10D267CAFF4007D780F /* MenuItemView.swift */,
			);
			path = Views;
			sourceTree = "<group>";
		};
		7E94B10F267CB681007D780F /* Main */ = {
			isa = PBXGroup;
			children = (
				7E94B114267CB6D7007D780F /* Character */,
				7E94B111267CB6BC007D780F /* User Profile */,
				7E94B110267CB68A007D780F /* MainVC.swift */,
			);
			path = Main;
			sourceTree = "<group>";
		};
		7E94B111267CB6BC007D780F /* User Profile */ = {
			isa = PBXGroup;
			children = (
				7E94B112267CB6C9007D780F /* UserProfileAvatarSelectorVC.swift */,
				7E94B113267CB6C9007D780F /* UserProfileVC.swift */,
			);
			path = "User Profile";
			sourceTree = "<group>";
		};
		7E94B114267CB6D7007D780F /* Character */ = {
			isa = PBXGroup;
			children = (
				7E94B116267CB6DD007D780F /* AttributeEditorVC.swift */,
				7E94B11C267CB6DE007D780F /* CharacterVC.swift */,
				7E94B11A267CB6DE007D780F /* UserAttributeListAddAttributeCell.swift */,
				7E94B115267CB6DD007D780F /* UserAttributeListAddAttributeCell.xib */,
				7E94B119267CB6DE007D780F /* UserAttributeListInfoCell.swift */,
				7E94B117267CB6DD007D780F /* UserAttributeListInfoCell.xib */,
				7E94B118267CB6DE007D780F /* UserAttributeListItemCell.swift */,
				7E94B11B267CB6DE007D780F /* UserAttributeListItemCell.xib */,
			);
			path = Character;
			sourceTree = "<group>";
		};
		7E94B122267CB71D007D780F /* Character */ = {
			isa = PBXGroup;
			children = (
				7E94B123267CB729007D780F /* CustomUserAttributesListDataSource.swift */,
				7E94B124267CB72A007D780F /* ReadonlyUserAttributesListDataSource.swift */,
				7E94B125267CB72A007D780F /* UnifiedUserAttribute.swift */,
				7E94B126267CB72A007D780F /* UserAttributesListDataSource.swift */,
				7E94B127267CB72A007D780F /* UserCharacter.swift */,
			);
			path = Character;
			sourceTree = "<group>";
		};
		7E94B128267CB73F007D780F /* User Profile */ = {
			isa = PBXGroup;
			children = (
				7E94B12A267CB745007D780F /* UserProfile.swift */,
				7E94B129267CB745007D780F /* UserProfileMandatoryDetails.swift */,
			);
			path = "User Profile";
			sourceTree = "<group>";
		};
/* End PBXGroup section */

/* Begin PBXNativeTarget section */
		7E0269F42670F16400086EBB /* XsollaLoginDemo */ = {
			isa = PBXNativeTarget;
			buildConfigurationList = 7E026A092670F16600086EBB /* Build configuration list for PBXNativeTarget "XsollaLoginDemo" */;
			buildPhases = (
				21916F9ECC91E84693FF1BA5 /* [CP] Check Pods Manifest.lock */,
				7EB73FE02671D485009A9715 /* GUARD, TODO, FIXME warnings */,
				7EB73FE12671D49F009A9715 /* SwiftGen */,
				7EB73FE22671D4B3009A9715 /* SwiftLint */,
				7E0269F12670F16400086EBB /* Sources */,
				7E0269F22670F16400086EBB /* Frameworks */,
				7E0269F32670F16400086EBB /* Resources */,
				7EB73FE32671D52F009A9715 /* ShellScript */,
				1B3563380675533FF7AC8515 /* [CP] Embed Pods Frameworks */,
			);
			buildRules = (
			);
			dependencies = (
			);
			name = XsollaLoginDemo;
			productName = XsollaLoginDemo;
			productReference = 7E0269F52670F16400086EBB /* XsollaLoginDemo.app */;
			productType = "com.apple.product-type.application";
		};
/* End PBXNativeTarget section */

/* Begin PBXProject section */
		7E0269ED2670F16400086EBB /* Project object */ = {
			isa = PBXProject;
			attributes = {
				LastSwiftUpdateCheck = 1250;
				LastUpgradeCheck = 1250;
				TargetAttributes = {
					7E0269F42670F16400086EBB = {
						CreatedOnToolsVersion = 12.5;
					};
				};
			};
			buildConfigurationList = 7E0269F02670F16400086EBB /* Build configuration list for PBXProject "XsollaLoginDemo" */;
			compatibilityVersion = "Xcode 9.3";
			developmentRegion = en;
			hasScannedForEncodings = 0;
			knownRegions = (
				en,
				Base,
			);
			mainGroup = 7E0269EC2670F16400086EBB;
			productRefGroup = 7E0269F62670F16400086EBB /* Products */;
			projectDirPath = "";
			projectRoot = "";
			targets = (
				7E0269F42670F16400086EBB /* XsollaLoginDemo */,
			);
		};
/* End PBXProject section */

/* Begin PBXResourcesBuildPhase section */
		7E0269F32670F16400086EBB /* Resources */ = {
			isa = PBXResourcesBuildPhase;
			buildActionMask = 2147483647;
			files = (
				7E94B134267CBBDE007D780F /* Localizable.strings in Resources */,
				7E94B168267CBD33007D780F /* avatar_5.png in Resources */,
				7E94B177267CBD62007D780F /* UserAttributeListItemCell.xib in Resources */,
				7E94B16C267CBD40007D780F /* Main.storyboard in Resources */,
				7E94B1BA267CBF9F007D780F /* Colors.xcassets in Resources */,
				7E94B1AD267CBF52007D780F /* custom-strings-template-swift4.stencil in Resources */,
				7E94B167267CBD31007D780F /* avatar_4.png in Resources */,
				7E94B166267CBD2F007D780F /* avatar_3.png in Resources */,
				7E94B1BB267CBFA0007D780F /* Images.xcassets in Resources */,
				7E94B164267CBD2B007D780F /* avatar_1.png in Resources */,
				7E94B16E267CBD44007D780F /* UserProfile.storyboard in Resources */,
				7E94B16A267CBD3B007D780F /* Character.storyboard in Resources */,
				7E94B175267CBD5E007D780F /* UserAttributeListInfoCell.xib in Resources */,
				7E94B16D267CBD42007D780F /* SideMenu.storyboard in Resources */,
				7E94B169267CBD39007D780F /* Authentication.storyboard in Resources */,
				7E94B165267CBD2D007D780F /* avatar_2.png in Resources */,
				7E94B16B267CBD3E007D780F /* LaunchScreen.storyboard in Resources */,
				7E94B1B1267CBF61007D780F /* swiftgen-config.yml in Resources */,
				7E94B173267CBD58007D780F /* UserAttributeListAddAttributeCell.xib in Resources */,
				7E94B163267CBD28007D780F /* avatar_0.png in Resources */,
			);
			runOnlyForDeploymentPostprocessing = 0;
		};
/* End PBXResourcesBuildPhase section */

/* Begin PBXShellScriptBuildPhase section */
		1B3563380675533FF7AC8515 /* [CP] Embed Pods Frameworks */ = {
			isa = PBXShellScriptBuildPhase;
			buildActionMask = 2147483647;
			files = (
			);
			inputFileListPaths = (
				"${PODS_ROOT}/Target Support Files/Pods-XsollaLoginDemo/Pods-XsollaLoginDemo-frameworks-${CONFIGURATION}-input-files.xcfilelist",
			);
			name = "[CP] Embed Pods Frameworks";
			outputFileListPaths = (
				"${PODS_ROOT}/Target Support Files/Pods-XsollaLoginDemo/Pods-XsollaLoginDemo-frameworks-${CONFIGURATION}-output-files.xcfilelist",
			);
			runOnlyForDeploymentPostprocessing = 0;
			shellPath = /bin/sh;
			shellScript = "\"${PODS_ROOT}/Target Support Files/Pods-XsollaLoginDemo/Pods-XsollaLoginDemo-frameworks.sh\"\n";
			showEnvVarsInLog = 0;
		};
		21916F9ECC91E84693FF1BA5 /* [CP] Check Pods Manifest.lock */ = {
			isa = PBXShellScriptBuildPhase;
			buildActionMask = 2147483647;
			files = (
			);
			inputFileListPaths = (
			);
			inputPaths = (
				"${PODS_PODFILE_DIR_PATH}/Podfile.lock",
				"${PODS_ROOT}/Manifest.lock",
			);
			name = "[CP] Check Pods Manifest.lock";
			outputFileListPaths = (
			);
			outputPaths = (
				"$(DERIVED_FILE_DIR)/Pods-XsollaLoginDemo-checkManifestLockResult.txt",
			);
			runOnlyForDeploymentPostprocessing = 0;
			shellPath = /bin/sh;
			shellScript = "diff \"${PODS_PODFILE_DIR_PATH}/Podfile.lock\" \"${PODS_ROOT}/Manifest.lock\" > /dev/null\nif [ $? != 0 ] ; then\n    # print error to STDERR\n    echo \"error: The sandbox is not in sync with the Podfile.lock. Run 'pod install' or update your CocoaPods installation.\" >&2\n    exit 1\nfi\n# This output is used by Xcode 'outputs' to avoid re-running this script phase.\necho \"SUCCESS\" > \"${SCRIPT_OUTPUT_FILE_0}\"\n";
			showEnvVarsInLog = 0;
		};
		7EB73FE02671D485009A9715 /* GUARD, TODO, FIXME warnings */ = {
			isa = PBXShellScriptBuildPhase;
			buildActionMask = 2147483647;
			files = (
			);
			inputFileListPaths = (
			);
			inputPaths = (
			);
			name = "GUARD, TODO, FIXME warnings";
			outputFileListPaths = (
			);
			outputPaths = (
			);
			runOnlyForDeploymentPostprocessing = 0;
			shellPath = /bin/sh;
			shellScript = "if [ \"${CONFIGURATION}\" = \"Debug\" ]; then\n\nTAGS=\"TODO:|FIXME:|WARNING:|GUARD:\"\n\nfind \"${SRCROOT}/${PROJECT_NAME}\" \\( -name \"*.h\" -or -name \"*.m\" -or -name \"*.strings\" -or -name \"*.swift\" \\) -print0 | xargs -0 egrep --with-filename --line-number --only-matching \"($TAGS).*\\$\" | perl -p -e \"s/($TAGS)/ warning: \\$1/\"\n\nfi\n\nif [ \"${CONFIGURATION}\" = \"Release\" ]; then\nTAGS=\"TODO:|FIXME:|WARNING:\"\nERRORTAG=\"GUARD:\"\n\nRES=$(find \"${SRCROOT}/${PROJECT_NAME}\" \\( -name \"*.h\" -or -name \"*.m\" -or -name \"*.strings\" -or -name \"*.swift\" \\) -print0 | xargs -0 egrep --with-filename --line-number --only-matching \"($TAGS).*\\$|($ERRORTAG).*\\$\" | perl -p -e \"s/($TAGS)/ warning: \\$1/\" | perl -p -e \"s/($ERRORTAG)/ error: \\$1/\")\n\necho \"$RES\"\n\nif [[ $RES == *\" error: \"* ]]; then\nexit 1\nfi\nfi\n";
		};
		7EB73FE12671D49F009A9715 /* SwiftGen */ = {
			isa = PBXShellScriptBuildPhase;
			buildActionMask = 2147483647;
			files = (
			);
			inputFileListPaths = (
			);
			inputPaths = (
			);
			name = SwiftGen;
			outputFileListPaths = (
			);
			outputPaths = (
			);
			runOnlyForDeploymentPostprocessing = 0;
			shellPath = /bin/sh;
			shellScript = "\"$PODS_ROOT\"/SwiftGen/bin/swiftgen config run --config XsollaLoginDemo/Resources/Swiftgen/swiftgen-config.yml\n\n";
		};
		7EB73FE22671D4B3009A9715 /* SwiftLint */ = {
			isa = PBXShellScriptBuildPhase;
			buildActionMask = 2147483647;
			files = (
			);
			inputFileListPaths = (
			);
			inputPaths = (
			);
			name = SwiftLint;
			outputFileListPaths = (
			);
			outputPaths = (
			);
			runOnlyForDeploymentPostprocessing = 0;
			shellPath = /bin/sh;
			shellScript = "\"${PODS_ROOT}/SwiftLint/swiftlint\"\n";
		};
		7EB73FE32671D52F009A9715 /* ShellScript */ = {
			isa = PBXShellScriptBuildPhase;
			buildActionMask = 2147483647;
			files = (
			);
			inputFileListPaths = (
			);
			inputPaths = (
			);
			outputFileListPaths = (
			);
			outputPaths = (
			);
			runOnlyForDeploymentPostprocessing = 0;
			shellPath = /bin/sh;
			shellScript = "# Type a script or drag a script file from your workspace to insert its path.\n";
		};
/* End PBXShellScriptBuildPhase section */

/* Begin PBXSourcesBuildPhase section */
		7E0269F12670F16400086EBB /* Sources */ = {
			isa = PBXSourcesBuildPhase;
			buildActionMask = 2147483647;
			files = (
				7E94B1B5267CBF6C007D780F /* Storyboard Scenes.swift in Sources */,
				7E94B13E267CBC67007D780F /* FormValidator.swift in Sources */,
				7E94B14A267CBCAA007D780F /* NavigationController.swift in Sources */,
				7E94B194267CBDAA007D780F /* TabbarViewController.swift in Sources */,
				7E94B17F267CBD79007D780F /* LoginVC.swift in Sources */,
				7E94B198267CBDB3007D780F /* ThreadSafeArray.swift in Sources */,
				7E94B190267CBD9F007D780F /* Image.swift in Sources */,
				7E94B138267CBC51007D780F /* AppCoordinator.swift in Sources */,
				7E94B1C7267CC073007D780F /* Factories.swift in Sources */,
				7E94B1B7267CBF71007D780F /* Strings.swift in Sources */,
				7E94B1B2267CBF63007D780F /* SystemFont.swift in Sources */,
				7E94B1B3267CBF68007D780F /* Assets.swift in Sources */,
				7E94B15C267CBCE8007D780F /* SocialNetwork.swift in Sources */,
				7E94B192267CBDA5007D780F /* LoadState.swift in Sources */,
				7E94B14D267CBCB6007D780F /* LoggerKitFilter.swift in Sources */,
				7E94B144267CBC97007D780F /* UserProfileAsyncUtility.swift in Sources */,
				7E94B1A3267CBDCF007D780F /* UILayoutPriority.swift in Sources */,
				7E94B16F267CBD4E007D780F /* MainVC.swift in Sources */,
				7E94B146267CBC9C007D780F /* XsollaSDK.swift in Sources */,
				7E94B191267CBDA1007D780F /* Label.swift in Sources */,
				7E94B17C267CBD72007D780F /* SideMenuContentVC.swift in Sources */,
				7E94B1C8267CC076007D780F /* CoordinatorFactory.swift in Sources */,
				7E94B1A0267CBDC9007D780F /* Optional.swift in Sources */,
				7E94B176267CBD60007D780F /* UserAttributeListItemCell.swift in Sources */,
				7E94B185267CBD89007D780F /* ActivityIndicatingViewController.swift in Sources */,
				7E94B17A267CBD6E007D780F /* ExpandableMenuItemsSectionView.swift in Sources */,
				7E94B193267CBDA7007D780F /* RadialGradientView.swift in Sources */,
				7E94B18F267CBD9D007D780F /* FloatingTitleTextField.swift in Sources */,
				7E94B151267CBCBF007D780F /* LevelExtensions.swift in Sources */,
				7E94B147267CBCA0007D780F /* BaseCoordinator.swift in Sources */,
				7E94B154267CBCD6007D780F /* CustomUserAttributesListDataSource.swift in Sources */,
				7E94B13F267CBC6B007D780F /* BaseStringValidator.swift in Sources */,
				7E94B15B267CBCE6007D780F /* SignupFormData.swift in Sources */,
				7E94B148267CBCA5007D780F /* Coordinator.swift in Sources */,
				7E94B18E267CBD9B007D780F /* CalendarComponent.swift in Sources */,
				7E94B137267CBC3A007D780F /* LoginManager.swift in Sources */,
				7E94B181267CBD7D007D780F /* SignupVC.swift in Sources */,
				7E94B1AC267CBF4F007D780F /* Font.swift in Sources */,
				7E94B0A9267CAA9E007D780F /* AppState.swift in Sources */,
				7E94B14F267CBCBA007D780F /* CategoryExtensions.swift in Sources */,
				7E94B1A6267CBE47007D780F /* UserInputValidatorFactoryProtocol.swift in Sources */,
				7E94B196267CBDAE007D780F /* TableViewCell.swift in Sources */,
				7E94B1AF267CBF5D007D780F /* Shape.swift in Sources */,
				7E94B140267CBC6D007D780F /* DefaultStringValidator.swift in Sources */,
				7E94B187267CBD8D007D780F /* AtomicPropertyWrapper.swift in Sources */,
				7E94B186267CBD8B007D780F /* ActivityIndicator.swift in Sources */,
				7E94B1A4267CBDD1007D780F /* UITableView.swift in Sources */,
				7E94B13C267CBC5B007D780F /* MainContentCoordinator.swift in Sources */,
				7E94B1A1267CBDCB007D780F /* Sequence.swift in Sources */,
				7E94B141267CBC70007D780F /* PasswordValidator.swift in Sources */,
				7E94B139267CBC54007D780F /* AppCoordinatorBuilder.swift in Sources */,
				7E94B179267CBD68007D780F /* UserProfileVC.swift in Sources */,
				7E94B1C9267CC079007D780F /* DatasourceFactory.swift in Sources */,
				7E94B159267CBCE1007D780F /* LoginFormData.swift in Sources */,
				7E94B14B267CBCAC007D780F /* Presenter.swift in Sources */,
				7E94B1CA267CC07B007D780F /* ModelFactory.swift in Sources */,
				7E94B172267CBD55007D780F /* UserAttributeListAddAttributeCell.swift in Sources */,
				7E94B188267CBD8F007D780F /* AvatarButtonView.swift in Sources */,
				7E94B19A267CBDBA007D780F /* EmbeddableControllerContainerProtocol.swift in Sources */,
				7E94B18D267CBD99007D780F /* Button.swift in Sources */,
				7E94B182267CBD7F007D780F /* SocialNetworksListVC.swift in Sources */,
				7E94B18C267CBD97007D780F /* Box.swift in Sources */,
				7E94B1CB267CC07D007D780F /* ViewControllerFactory.swift in Sources */,
				7E94B17B267CBD70007D780F /* MenuItemView.swift in Sources */,
				7E94B197267CBDB1007D780F /* TapGesture.swift in Sources */,
				7E94B17E267CBD77007D780F /* AuthenticationMainVC.swift in Sources */,
				7E94B1A2267CBDCD007D780F /* String.swift in Sources */,
				7E94B156267CBCDA007D780F /* UnifiedUserAttribute.swift in Sources */,
				7E94B184267CBD84007D780F /* WebBrowserVC.swift in Sources */,
				7E94B19E267CBDC5007D780F /* NSMutableAttributedString.swift in Sources */,
				7E0269F92670F16400086EBB /* AppDelegate.swift in Sources */,
				7E94B18B267CBD95007D780F /* BaseViewController.swift in Sources */,
				7E94B143267CBC95007D780F /* CharacterAsyncUtility.swift in Sources */,
				7E94B189267CBD90007D780F /* BaseTableViewController.swift in Sources */,
				7E94B0AA267CAA9E007D780F /* AppStateProvider.swift in Sources */,
				7E94B157267CBCDC007D780F /* UserAttributesListDataSource.swift in Sources */,
				7E94B1A7267CBE49007D780F /* FormValidatorProtocol.swift in Sources */,
				7E94B1AB267CBE88007D780F /* Logger.swift in Sources */,
				7E94B19C267CBDBE007D780F /* PromisesChainCreatable.swift in Sources */,
				7E94B19F267CBDC7007D780F /* Array.swift in Sources */,
				7E94B149267CBCA7007D780F /* EmptyParams.swift in Sources */,
				7E94B145267CBC9A007D780F /* XsollaSDKProtocol.swift in Sources */,
				7E94B13D267CBC63007D780F /* UserInputValidatorFactory.swift in Sources */,
				7E94B155267CBCD8007D780F /* ReadonlyUserAttributesListDataSource.swift in Sources */,
				7E94B1B4267CBF6A007D780F /* Fonts.swift in Sources */,
				7E94B13B267CBC59007D780F /* MainContainerCoordinator.swift in Sources */,
				7E94B183267CBD82007D780F /* BottomPopupVC.swift in Sources */,
				7E94B180267CBD7B007D780F /* RecoverPasswordVC.swift in Sources */,
				7E94B1A5267CBDD3007D780F /* UIView.swift in Sources */,
				7E94B199267CBDB6007D780F /* TextFieldDelegateProxy.swift in Sources */,
				7E94B14C267CBCB4007D780F /* LoggerKitDefaultFilter.swift in Sources */,
				7E94B13A267CBC56007D780F /* AuthenticationCoordinator.swift in Sources */,
				7E94B152267CBCD1007D780F /* UserProfile.swift in Sources */,
				7E94B178267CBD66007D780F /* UserProfileAvatarSelectorVC.swift in Sources */,
				7E94B142267CBC73007D780F /* PhoneNumberValidator.swift in Sources */,
				7E94B1AE267CBF55007D780F /* Color.swift in Sources */,
				7E94B1B6267CBF6E007D780F /* Storyboard Segues.swift in Sources */,
				7E94B174267CBD5B007D780F /* UserAttributeListInfoCell.swift in Sources */,
				7E94B18A267CBD92007D780F /* BaseView.swift in Sources */,
				7E94B19D267CBDC3007D780F /* NSAttributedString.swift in Sources */,
				7E94B1A9267CBE4D007D780F /* UserInputValidatorProtocol.swift in Sources */,
				7E94B153267CBCD3007D780F /* UserProfileMandatoryDetails.swift in Sources */,
				7E94B0A6267CAA84007D780F /* AppConfig.swift in Sources */,
				7E94B158267CBCDE007D780F /* UserCharacter.swift in Sources */,
				7E94B19B267CBDBC007D780F /* LoadStatable.swift in Sources */,
				7E94B150267CBCBC007D780F /* DomainExtensions.swift in Sources */,
				7E94B1B0267CBF5F007D780F /* Style.swift in Sources */,
				7E94B195267CBDAC007D780F /* TableView.swift in Sources */,
				7E94B17D267CBD74007D780F /* SideMenuVC.swift in Sources */,
				7E94B170267CBD51007D780F /* AttributeEditorVC.swift in Sources */,
				7E94B171267CBD53007D780F /* CharacterVC.swift in Sources */,
				7E94B15A267CBCE4007D780F /* RecoverPasswordFormData.swift in Sources */,
				7E94B1A8267CBE4A007D780F /* StringUserInputValidatable.swift in Sources */,
			);
			runOnlyForDeploymentPostprocessing = 0;
		};
/* End PBXSourcesBuildPhase section */

/* Begin PBXVariantGroup section */
		7E94B136267CBBDE007D780F /* Localizable.strings */ = {
			isa = PBXVariantGroup;
			children = (
				7E94B135267CBBDE007D780F /* en */,
			);
			name = Localizable.strings;
			sourceTree = "<group>";
		};
/* End PBXVariantGroup section */

/* Begin XCBuildConfiguration section */
		7E026A072670F16600086EBB /* Debug */ = {
			isa = XCBuildConfiguration;
			buildSettings = {
				ALWAYS_SEARCH_USER_PATHS = NO;
				CLANG_ANALYZER_NONNULL = YES;
				CLANG_ANALYZER_NUMBER_OBJECT_CONVERSION = YES_AGGRESSIVE;
				CLANG_CXX_LANGUAGE_STANDARD = "gnu++14";
				CLANG_CXX_LIBRARY = "libc++";
				CLANG_ENABLE_MODULES = YES;
				CLANG_ENABLE_OBJC_ARC = YES;
				CLANG_ENABLE_OBJC_WEAK = YES;
				CLANG_WARN_BLOCK_CAPTURE_AUTORELEASING = YES;
				CLANG_WARN_BOOL_CONVERSION = YES;
				CLANG_WARN_COMMA = YES;
				CLANG_WARN_CONSTANT_CONVERSION = YES;
				CLANG_WARN_DEPRECATED_OBJC_IMPLEMENTATIONS = YES;
				CLANG_WARN_DIRECT_OBJC_ISA_USAGE = YES_ERROR;
				CLANG_WARN_DOCUMENTATION_COMMENTS = YES;
				CLANG_WARN_EMPTY_BODY = YES;
				CLANG_WARN_ENUM_CONVERSION = YES;
				CLANG_WARN_INFINITE_RECURSION = YES;
				CLANG_WARN_INT_CONVERSION = YES;
				CLANG_WARN_NON_LITERAL_NULL_CONVERSION = YES;
				CLANG_WARN_OBJC_IMPLICIT_RETAIN_SELF = YES;
				CLANG_WARN_OBJC_LITERAL_CONVERSION = YES;
				CLANG_WARN_OBJC_ROOT_CLASS = YES_ERROR;
				CLANG_WARN_QUOTED_INCLUDE_IN_FRAMEWORK_HEADER = YES;
				CLANG_WARN_RANGE_LOOP_ANALYSIS = YES;
				CLANG_WARN_STRICT_PROTOTYPES = YES;
				CLANG_WARN_SUSPICIOUS_MOVE = YES;
				CLANG_WARN_UNGUARDED_AVAILABILITY = YES_AGGRESSIVE;
				CLANG_WARN_UNREACHABLE_CODE = YES;
				CLANG_WARN__DUPLICATE_METHOD_MATCH = YES;
				COPY_PHASE_STRIP = NO;
				DEBUG_INFORMATION_FORMAT = dwarf;
				ENABLE_STRICT_OBJC_MSGSEND = YES;
				ENABLE_TESTABILITY = YES;
				GCC_C_LANGUAGE_STANDARD = gnu11;
				GCC_DYNAMIC_NO_PIC = NO;
				GCC_NO_COMMON_BLOCKS = YES;
				GCC_OPTIMIZATION_LEVEL = 0;
				GCC_PREPROCESSOR_DEFINITIONS = (
					"DEBUG=1",
					"$(inherited)",
				);
				GCC_WARN_64_TO_32_BIT_CONVERSION = YES;
				GCC_WARN_ABOUT_RETURN_TYPE = YES_ERROR;
				GCC_WARN_UNDECLARED_SELECTOR = YES;
				GCC_WARN_UNINITIALIZED_AUTOS = YES_AGGRESSIVE;
				GCC_WARN_UNUSED_FUNCTION = YES;
				GCC_WARN_UNUSED_VARIABLE = YES;
				IPHONEOS_DEPLOYMENT_TARGET = 14.5;
				MTL_ENABLE_DEBUG_INFO = INCLUDE_SOURCE;
				MTL_FAST_MATH = YES;
				ONLY_ACTIVE_ARCH = YES;
				SDKROOT = iphoneos;
				SWIFT_ACTIVE_COMPILATION_CONDITIONS = DEBUG;
				SWIFT_OPTIMIZATION_LEVEL = "-Onone";
			};
			name = Debug;
		};
		7E026A082670F16600086EBB /* Release */ = {
			isa = XCBuildConfiguration;
			buildSettings = {
				ALWAYS_SEARCH_USER_PATHS = NO;
				CLANG_ANALYZER_NONNULL = YES;
				CLANG_ANALYZER_NUMBER_OBJECT_CONVERSION = YES_AGGRESSIVE;
				CLANG_CXX_LANGUAGE_STANDARD = "gnu++14";
				CLANG_CXX_LIBRARY = "libc++";
				CLANG_ENABLE_MODULES = YES;
				CLANG_ENABLE_OBJC_ARC = YES;
				CLANG_ENABLE_OBJC_WEAK = YES;
				CLANG_WARN_BLOCK_CAPTURE_AUTORELEASING = YES;
				CLANG_WARN_BOOL_CONVERSION = YES;
				CLANG_WARN_COMMA = YES;
				CLANG_WARN_CONSTANT_CONVERSION = YES;
				CLANG_WARN_DEPRECATED_OBJC_IMPLEMENTATIONS = YES;
				CLANG_WARN_DIRECT_OBJC_ISA_USAGE = YES_ERROR;
				CLANG_WARN_DOCUMENTATION_COMMENTS = YES;
				CLANG_WARN_EMPTY_BODY = YES;
				CLANG_WARN_ENUM_CONVERSION = YES;
				CLANG_WARN_INFINITE_RECURSION = YES;
				CLANG_WARN_INT_CONVERSION = YES;
				CLANG_WARN_NON_LITERAL_NULL_CONVERSION = YES;
				CLANG_WARN_OBJC_IMPLICIT_RETAIN_SELF = YES;
				CLANG_WARN_OBJC_LITERAL_CONVERSION = YES;
				CLANG_WARN_OBJC_ROOT_CLASS = YES_ERROR;
				CLANG_WARN_QUOTED_INCLUDE_IN_FRAMEWORK_HEADER = YES;
				CLANG_WARN_RANGE_LOOP_ANALYSIS = YES;
				CLANG_WARN_STRICT_PROTOTYPES = YES;
				CLANG_WARN_SUSPICIOUS_MOVE = YES;
				CLANG_WARN_UNGUARDED_AVAILABILITY = YES_AGGRESSIVE;
				CLANG_WARN_UNREACHABLE_CODE = YES;
				CLANG_WARN__DUPLICATE_METHOD_MATCH = YES;
				COPY_PHASE_STRIP = NO;
				DEBUG_INFORMATION_FORMAT = "dwarf-with-dsym";
				ENABLE_NS_ASSERTIONS = NO;
				ENABLE_STRICT_OBJC_MSGSEND = YES;
				GCC_C_LANGUAGE_STANDARD = gnu11;
				GCC_NO_COMMON_BLOCKS = YES;
				GCC_WARN_64_TO_32_BIT_CONVERSION = YES;
				GCC_WARN_ABOUT_RETURN_TYPE = YES_ERROR;
				GCC_WARN_UNDECLARED_SELECTOR = YES;
				GCC_WARN_UNINITIALIZED_AUTOS = YES_AGGRESSIVE;
				GCC_WARN_UNUSED_FUNCTION = YES;
				GCC_WARN_UNUSED_VARIABLE = YES;
				IPHONEOS_DEPLOYMENT_TARGET = 14.5;
				MTL_ENABLE_DEBUG_INFO = NO;
				MTL_FAST_MATH = YES;
				SDKROOT = iphoneos;
				SWIFT_COMPILATION_MODE = wholemodule;
				SWIFT_OPTIMIZATION_LEVEL = "-O";
				VALIDATE_PRODUCT = YES;
			};
			name = Release;
		};
		7E026A0A2670F16600086EBB /* Debug */ = {
			isa = XCBuildConfiguration;
			baseConfigurationReference = 6D38AB4E309FA1F810FDF362 /* Pods-XsollaLoginDemo.debug.xcconfig */;
			buildSettings = {
				ASSETCATALOG_COMPILER_APPICON_NAME = AppIcon;
				ASSETCATALOG_COMPILER_GLOBAL_ACCENT_COLOR_NAME = AccentColor;
				CODE_SIGN_STYLE = Automatic;
				DEVELOPMENT_TEAM = 2P4458WF47;
				INFOPLIST_FILE = XsollaLoginDemo/App/Info.plist;
				IPHONEOS_DEPLOYMENT_TARGET = 11.4;
				LD_RUNPATH_SEARCH_PATHS = (
					"$(inherited)",
					"@executable_path/Frameworks",
				);
				PRODUCT_BUNDLE_IDENTIFIER = "";
				PRODUCT_NAME = "$(TARGET_NAME)";
				SWIFT_VERSION = 5.0;
				TARGETED_DEVICE_FAMILY = 1;
			};
			name = Debug;
		};
		7E026A0B2670F16600086EBB /* Release */ = {
			isa = XCBuildConfiguration;
			baseConfigurationReference = CD63ADF7C180FA3092D4997A /* Pods-XsollaLoginDemo.release.xcconfig */;
			buildSettings = {
				ASSETCATALOG_COMPILER_APPICON_NAME = AppIcon;
				ASSETCATALOG_COMPILER_GLOBAL_ACCENT_COLOR_NAME = AccentColor;
				CODE_SIGN_STYLE = Automatic;
				DEVELOPMENT_TEAM = 2P4458WF47;
				INFOPLIST_FILE = XsollaLoginDemo/App/Info.plist;
				IPHONEOS_DEPLOYMENT_TARGET = 11.4;
				LD_RUNPATH_SEARCH_PATHS = (
					"$(inherited)",
					"@executable_path/Frameworks",
				);
				PRODUCT_BUNDLE_IDENTIFIER = "";
				PRODUCT_NAME = "$(TARGET_NAME)";
				SWIFT_VERSION = 5.0;
				TARGETED_DEVICE_FAMILY = 1;
			};
			name = Release;
		};
/* End XCBuildConfiguration section */

/* Begin XCConfigurationList section */
		7E0269F02670F16400086EBB /* Build configuration list for PBXProject "XsollaLoginDemo" */ = {
			isa = XCConfigurationList;
			buildConfigurations = (
				7E026A072670F16600086EBB /* Debug */,
				7E026A082670F16600086EBB /* Release */,
			);
			defaultConfigurationIsVisible = 0;
			defaultConfigurationName = Release;
		};
		7E026A092670F16600086EBB /* Build configuration list for PBXNativeTarget "XsollaLoginDemo" */ = {
			isa = XCConfigurationList;
			buildConfigurations = (
				7E026A0A2670F16600086EBB /* Debug */,
				7E026A0B2670F16600086EBB /* Release */,
			);
			defaultConfigurationIsVisible = 0;
			defaultConfigurationName = Release;
		};
/* End XCConfigurationList section */
	};
	rootObject = 7E0269ED2670F16400086EBB /* Project object */;
}
